{
  "object": {
    "pins": [
      {
        "package": "LAMP",
        "repositoryURL": "https://github.com/BIDMCDigitalPsychiatry/LAMP-swift.git",
        "state": {
          "branch": null,
          "revision": "0ffdd18edfb3ee18d6606ccf93be37175dfe9898",
          "version": "2021.5.17"
        }
      }
    ]
  },
  "version": 1
}
