{
  "object": {
    "pins": [
      {
        "package": "LAMP",
        "repositoryURL": "https://github.com/BIDMCDigitalPsychiatry/LAMP-swift.git",
        "state": {
          "branch": null,
          "revision": "32d9a45ce7c037ee31057fe0adb3ddffd6f8c340",
          "version": "2021.10.20"
        }
      }
    ]
  },
  "version": 1
}
