// !$*UTF8*$!
{
	archiveVersion = 1;
	classes = {
	};
	objectVersion = 50;
	objects = {

/* Begin PBXBuildFile section */
		48234A8E2245D8B5009AEF95 /* AppDelegate.swift in Sources */ = {isa = PBXBuildFile; fileRef = 48234A8D2245D8B5009AEF95 /* AppDelegate.swift */; };
		48234A932245D8B5009AEF95 /* Main.storyboard in Resources */ = {isa = PBXBuildFile; fileRef = 48234A912245D8B5009AEF95 /* Main.storyboard */; };
		48234A952245D8B6009AEF95 /* Assets.xcassets in Resources */ = {isa = PBXBuildFile; fileRef = 48234A942245D8B6009AEF95 /* Assets.xcassets */; };
		48234A982245D8B6009AEF95 /* LaunchScreen.storyboard in Resources */ = {isa = PBXBuildFile; fileRef = 48234A962245D8B6009AEF95 /* LaunchScreen.storyboard */; };
		48234A9D2245D8B6009AEF95 /* mindLAMP WatchKit App.app in Embed Watch Content */ = {isa = PBXBuildFile; fileRef = 48234A9C2245D8B6009AEF95 /* mindLAMP WatchKit App.app */; };
		48234AA32245D8B6009AEF95 /* Interface.storyboard in Resources */ = {isa = PBXBuildFile; fileRef = 48234AA12245D8B6009AEF95 /* Interface.storyboard */; };
		48234AA52245D8B7009AEF95 /* Assets.xcassets in Resources */ = {isa = PBXBuildFile; fileRef = 48234AA42245D8B7009AEF95 /* Assets.xcassets */; };
		48234AAC2245D8B7009AEF95 /* mindLAMP WatchKit Extension.appex in Embed App Extensions */ = {isa = PBXBuildFile; fileRef = 48234AAB2245D8B7009AEF95 /* mindLAMP WatchKit Extension.appex */; settings = {ATTRIBUTES = (RemoveHeadersOnCopy, ); }; };
		48234AB12245D8B7009AEF95 /* InterfaceController.swift in Sources */ = {isa = PBXBuildFile; fileRef = 48234AB02245D8B7009AEF95 /* InterfaceController.swift */; };
		48234AB32245D8B7009AEF95 /* ExtensionDelegate.swift in Sources */ = {isa = PBXBuildFile; fileRef = 48234AB22245D8B7009AEF95 /* ExtensionDelegate.swift */; };
		48234AB52245D8B7009AEF95 /* NotificationController.swift in Sources */ = {isa = PBXBuildFile; fileRef = 48234AB42245D8B7009AEF95 /* NotificationController.swift */; };
		48234AB72245D8B7009AEF95 /* ComplicationController.swift in Sources */ = {isa = PBXBuildFile; fileRef = 48234AB62245D8B7009AEF95 /* ComplicationController.swift */; };
		48234AB92245D8B8009AEF95 /* Assets.xcassets in Resources */ = {isa = PBXBuildFile; fileRef = 48234AB82245D8B8009AEF95 /* Assets.xcassets */; };
		C639171E22F9DD46001F1BC5 /* build in Resources */ = {isa = PBXBuildFile; fileRef = C639171D22F9DD46001F1BC5 /* build */; };
		C639172022F9DF19001F1BC5 /* NodeMobile.framework in Frameworks */ = {isa = PBXBuildFile; fileRef = C639171F22F9DF19001F1BC5 /* NodeMobile.framework */; };
		C639172122F9DF19001F1BC5 /* NodeMobile.framework in Embed Frameworks */ = {isa = PBXBuildFile; fileRef = C639171F22F9DF19001F1BC5 /* NodeMobile.framework */; settings = {ATTRIBUTES = (CodeSignOnCopy, RemoveHeadersOnCopy, ); }; };
/* End PBXBuildFile section */

/* Begin PBXContainerItemProxy section */
		48234A9E2245D8B6009AEF95 /* PBXContainerItemProxy */ = {
			isa = PBXContainerItemProxy;
			containerPortal = 48234A822245D8B5009AEF95 /* Project object */;
			proxyType = 1;
			remoteGlobalIDString = 48234A9B2245D8B6009AEF95;
			remoteInfo = "mindLAMP WatchKit App";
		};
		48234AAD2245D8B7009AEF95 /* PBXContainerItemProxy */ = {
			isa = PBXContainerItemProxy;
			containerPortal = 48234A822245D8B5009AEF95 /* Project object */;
			proxyType = 1;
			remoteGlobalIDString = 48234AAA2245D8B7009AEF95;
			remoteInfo = "mindLAMP WatchKit Extension";
		};
/* End PBXContainerItemProxy section */

/* Begin PBXCopyFilesBuildPhase section */
		48234AC12245D8B8009AEF95 /* Embed App Extensions */ = {
			isa = PBXCopyFilesBuildPhase;
			buildActionMask = 2147483647;
			dstPath = "";
			dstSubfolderSpec = 13;
			files = (
				48234AAC2245D8B7009AEF95 /* mindLAMP WatchKit Extension.appex in Embed App Extensions */,
			);
			name = "Embed App Extensions";
			runOnlyForDeploymentPostprocessing = 0;
		};
		48234AC52245D8B8009AEF95 /* Embed Watch Content */ = {
			isa = PBXCopyFilesBuildPhase;
			buildActionMask = 2147483647;
			dstPath = "$(CONTENTS_FOLDER_PATH)/Watch";
			dstSubfolderSpec = 16;
			files = (
				48234A9D2245D8B6009AEF95 /* mindLAMP WatchKit App.app in Embed Watch Content */,
			);
			name = "Embed Watch Content";
			runOnlyForDeploymentPostprocessing = 0;
		};
		C639171722F9CDED001F1BC5 /* Embed Frameworks */ = {
			isa = PBXCopyFilesBuildPhase;
			buildActionMask = 2147483647;
			dstPath = "";
			dstSubfolderSpec = 10;
			files = (
				C639172122F9DF19001F1BC5 /* NodeMobile.framework in Embed Frameworks */,
			);
			name = "Embed Frameworks";
			runOnlyForDeploymentPostprocessing = 0;
		};
/* End PBXCopyFilesBuildPhase section */

/* Begin PBXFileReference section */
		48234A8A2245D8B5009AEF95 /* mindLAMP.app */ = {isa = PBXFileReference; explicitFileType = wrapper.application; includeInIndex = 0; path = mindLAMP.app; sourceTree = BUILT_PRODUCTS_DIR; };
		48234A8D2245D8B5009AEF95 /* AppDelegate.swift */ = {isa = PBXFileReference; lastKnownFileType = sourcecode.swift; path = AppDelegate.swift; sourceTree = "<group>"; };
		48234A922245D8B5009AEF95 /* Base */ = {isa = PBXFileReference; lastKnownFileType = file.storyboard; name = Base; path = Base.lproj/Main.storyboard; sourceTree = "<group>"; };
		48234A942245D8B6009AEF95 /* Assets.xcassets */ = {isa = PBXFileReference; lastKnownFileType = folder.assetcatalog; path = Assets.xcassets; sourceTree = "<group>"; };
		48234A972245D8B6009AEF95 /* Base */ = {isa = PBXFileReference; lastKnownFileType = file.storyboard; name = Base; path = Base.lproj/LaunchScreen.storyboard; sourceTree = "<group>"; };
		48234A992245D8B6009AEF95 /* Info.plist */ = {isa = PBXFileReference; lastKnownFileType = text.plist.xml; path = Info.plist; sourceTree = "<group>"; };
		48234A9C2245D8B6009AEF95 /* mindLAMP WatchKit App.app */ = {isa = PBXFileReference; explicitFileType = wrapper.application; includeInIndex = 0; path = "mindLAMP WatchKit App.app"; sourceTree = BUILT_PRODUCTS_DIR; };
		48234AA22245D8B6009AEF95 /* Base */ = {isa = PBXFileReference; lastKnownFileType = file.storyboard; name = Base; path = Base.lproj/Interface.storyboard; sourceTree = "<group>"; };
		48234AA42245D8B7009AEF95 /* Assets.xcassets */ = {isa = PBXFileReference; lastKnownFileType = folder.assetcatalog; path = Assets.xcassets; sourceTree = "<group>"; };
		48234AA62245D8B7009AEF95 /* Info.plist */ = {isa = PBXFileReference; lastKnownFileType = text.plist.xml; path = Info.plist; sourceTree = "<group>"; };
		48234AAB2245D8B7009AEF95 /* mindLAMP WatchKit Extension.appex */ = {isa = PBXFileReference; explicitFileType = "wrapper.app-extension"; includeInIndex = 0; path = "mindLAMP WatchKit Extension.appex"; sourceTree = BUILT_PRODUCTS_DIR; };
		48234AB02245D8B7009AEF95 /* InterfaceController.swift */ = {isa = PBXFileReference; lastKnownFileType = sourcecode.swift; path = InterfaceController.swift; sourceTree = "<group>"; };
		48234AB22245D8B7009AEF95 /* ExtensionDelegate.swift */ = {isa = PBXFileReference; lastKnownFileType = sourcecode.swift; path = ExtensionDelegate.swift; sourceTree = "<group>"; };
		48234AB42245D8B7009AEF95 /* NotificationController.swift */ = {isa = PBXFileReference; lastKnownFileType = sourcecode.swift; path = NotificationController.swift; sourceTree = "<group>"; };
		48234AB62245D8B7009AEF95 /* ComplicationController.swift */ = {isa = PBXFileReference; lastKnownFileType = sourcecode.swift; path = ComplicationController.swift; sourceTree = "<group>"; };
		48234AB82245D8B8009AEF95 /* Assets.xcassets */ = {isa = PBXFileReference; lastKnownFileType = folder.assetcatalog; path = Assets.xcassets; sourceTree = "<group>"; };
		48234ABA2245D8B8009AEF95 /* Info.plist */ = {isa = PBXFileReference; lastKnownFileType = text.plist.xml; path = Info.plist; sourceTree = "<group>"; };
		48234ABB2245D8B8009AEF95 /* PushNotificationPayload.apns */ = {isa = PBXFileReference; lastKnownFileType = text; path = PushNotificationPayload.apns; sourceTree = "<group>"; };
		C63916FE22F9CCBC001F1BC5 /* libnode */ = {isa = PBXFileReference; lastKnownFileType = folder; path = libnode; sourceTree = "<group>"; };
		C639170B22F9CCF7001F1BC5 /* NodeMobile.framework */ = {isa = PBXFileReference; lastKnownFileType = wrapper.framework; name = NodeMobile.framework; path = "libnode/Release-universal/NodeMobile.framework"; sourceTree = "<group>"; };
		C639170D22F9CD50001F1BC5 /* NodeMobile.framework */ = {isa = PBXFileReference; lastKnownFileType = wrapper.framework; name = NodeMobile.framework; path = "libnode/Release-iphoneos/NodeMobile.framework"; sourceTree = "<group>"; };
		C639171822F9D6F2001F1BC5 /* mindLAMP-Bridging-Header.h */ = {isa = PBXFileReference; lastKnownFileType = sourcecode.c.h; path = "mindLAMP-Bridging-Header.h"; sourceTree = "<group>"; };
		C639171D22F9DD46001F1BC5 /* build */ = {isa = PBXFileReference; lastKnownFileType = folder; name = build; path = "../../LAMP-docker/LAMP-dashboard/build"; sourceTree = "<group>"; };
		C639171F22F9DF19001F1BC5 /* NodeMobile.framework */ = {isa = PBXFileReference; lastKnownFileType = wrapper.framework; name = NodeMobile.framework; path = libnode/Debug/NodeMobile.framework; sourceTree = "<group>"; };
/* End PBXFileReference section */

/* Begin PBXFrameworksBuildPhase section */
		48234A872245D8B5009AEF95 /* Frameworks */ = {
			isa = PBXFrameworksBuildPhase;
			buildActionMask = 2147483647;
			files = (
				C639172022F9DF19001F1BC5 /* NodeMobile.framework in Frameworks */,
			);
			runOnlyForDeploymentPostprocessing = 0;
		};
		48234AA82245D8B7009AEF95 /* Frameworks */ = {
			isa = PBXFrameworksBuildPhase;
			buildActionMask = 2147483647;
			files = (
			);
			runOnlyForDeploymentPostprocessing = 0;
		};
/* End PBXFrameworksBuildPhase section */

/* Begin PBXGroup section */
		48234A812245D8B5009AEF95 = {
			isa = PBXGroup;
			children = (
				C63916FE22F9CCBC001F1BC5 /* libnode */,
				C639171D22F9DD46001F1BC5 /* build */,
				48234A8C2245D8B5009AEF95 /* mindLAMP */,
				48234AA02245D8B6009AEF95 /* mindLAMP WatchKit App */,
				48234AAF2245D8B7009AEF95 /* mindLAMP WatchKit Extension */,
				48234A8B2245D8B5009AEF95 /* Products */,
				C639170A22F9CCF7001F1BC5 /* Frameworks */,
			);
			sourceTree = "<group>";
		};
		48234A8B2245D8B5009AEF95 /* Products */ = {
			isa = PBXGroup;
			children = (
				48234A8A2245D8B5009AEF95 /* mindLAMP.app */,
				48234A9C2245D8B6009AEF95 /* mindLAMP WatchKit App.app */,
				48234AAB2245D8B7009AEF95 /* mindLAMP WatchKit Extension.appex */,
			);
			name = Products;
			sourceTree = "<group>";
		};
		48234A8C2245D8B5009AEF95 /* mindLAMP */ = {
			isa = PBXGroup;
			children = (
				48234A8D2245D8B5009AEF95 /* AppDelegate.swift */,
				48234A912245D8B5009AEF95 /* Main.storyboard */,
				48234A942245D8B6009AEF95 /* Assets.xcassets */,
				48234A962245D8B6009AEF95 /* LaunchScreen.storyboard */,
				48234A992245D8B6009AEF95 /* Info.plist */,
				C639171822F9D6F2001F1BC5 /* mindLAMP-Bridging-Header.h */,
			);
			path = mindLAMP;
			sourceTree = "<group>";
		};
		48234AA02245D8B6009AEF95 /* mindLAMP WatchKit App */ = {
			isa = PBXGroup;
			children = (
				48234AA12245D8B6009AEF95 /* Interface.storyboard */,
				48234AA42245D8B7009AEF95 /* Assets.xcassets */,
				48234AA62245D8B7009AEF95 /* Info.plist */,
			);
			path = "mindLAMP WatchKit App";
			sourceTree = "<group>";
		};
		48234AAF2245D8B7009AEF95 /* mindLAMP WatchKit Extension */ = {
			isa = PBXGroup;
			children = (
				48234AB02245D8B7009AEF95 /* InterfaceController.swift */,
				48234AB22245D8B7009AEF95 /* ExtensionDelegate.swift */,
				48234AB42245D8B7009AEF95 /* NotificationController.swift */,
				48234AB62245D8B7009AEF95 /* ComplicationController.swift */,
				48234AB82245D8B8009AEF95 /* Assets.xcassets */,
				48234ABA2245D8B8009AEF95 /* Info.plist */,
				48234ABB2245D8B8009AEF95 /* PushNotificationPayload.apns */,
			);
			path = "mindLAMP WatchKit Extension";
			sourceTree = "<group>";
		};
		C639170A22F9CCF7001F1BC5 /* Frameworks */ = {
			isa = PBXGroup;
			children = (
				C639170B22F9CCF7001F1BC5 /* NodeMobile.framework */,
				C639171F22F9DF19001F1BC5 /* NodeMobile.framework */,
				C639170D22F9CD50001F1BC5 /* NodeMobile.framework */,
			);
			name = Frameworks;
			sourceTree = "<group>";
		};
/* End PBXGroup section */

/* Begin PBXNativeTarget section */
		48234A892245D8B5009AEF95 /* mindLAMP */ = {
			isa = PBXNativeTarget;
			buildConfigurationList = 48234AC62245D8B8009AEF95 /* Build configuration list for PBXNativeTarget "mindLAMP" */;
			buildPhases = (
				48234A862245D8B5009AEF95 /* Sources */,
				48234A872245D8B5009AEF95 /* Frameworks */,
				48234A882245D8B5009AEF95 /* Resources */,
				48234AC52245D8B8009AEF95 /* Embed Watch Content */,
				C639171722F9CDED001F1BC5 /* Embed Frameworks */,
			);
			buildRules = (
			);
			dependencies = (
				48234A9F2245D8B6009AEF95 /* PBXTargetDependency */,
			);
			name = mindLAMP;
			productName = mindLAMP;
			productReference = 48234A8A2245D8B5009AEF95 /* mindLAMP.app */;
			productType = "com.apple.product-type.application";
		};
		48234A9B2245D8B6009AEF95 /* mindLAMP WatchKit App */ = {
			isa = PBXNativeTarget;
			buildConfigurationList = 48234AC22245D8B8009AEF95 /* Build configuration list for PBXNativeTarget "mindLAMP WatchKit App" */;
			buildPhases = (
				48234A9A2245D8B6009AEF95 /* Resources */,
				48234AC12245D8B8009AEF95 /* Embed App Extensions */,
			);
			buildRules = (
			);
			dependencies = (
				48234AAE2245D8B7009AEF95 /* PBXTargetDependency */,
			);
			name = "mindLAMP WatchKit App";
			productName = "mindLAMP WatchKit App";
			productReference = 48234A9C2245D8B6009AEF95 /* mindLAMP WatchKit App.app */;
			productType = "com.apple.product-type.application.watchapp2";
		};
		48234AAA2245D8B7009AEF95 /* mindLAMP WatchKit Extension */ = {
			isa = PBXNativeTarget;
			buildConfigurationList = 48234ABE2245D8B8009AEF95 /* Build configuration list for PBXNativeTarget "mindLAMP WatchKit Extension" */;
			buildPhases = (
				48234AA72245D8B7009AEF95 /* Sources */,
				48234AA82245D8B7009AEF95 /* Frameworks */,
				48234AA92245D8B7009AEF95 /* Resources */,
			);
			buildRules = (
			);
			dependencies = (
			);
			name = "mindLAMP WatchKit Extension";
			productName = "mindLAMP WatchKit Extension";
			productReference = 48234AAB2245D8B7009AEF95 /* mindLAMP WatchKit Extension.appex */;
			productType = "com.apple.product-type.watchkit2-extension";
		};
/* End PBXNativeTarget section */

/* Begin PBXProject section */
		48234A822245D8B5009AEF95 /* Project object */ = {
			isa = PBXProject;
			attributes = {
				LastSwiftUpdateCheck = 1100;
				LastUpgradeCheck = 1000;
				ORGANIZATIONNAME = avaidyam;
				TargetAttributes = {
					48234A892245D8B5009AEF95 = {
						CreatedOnToolsVersion = 10.0;
						LastSwiftMigration = 1100;
					};
					48234A9B2245D8B6009AEF95 = {
						CreatedOnToolsVersion = 10.0;
					};
					48234AAA2245D8B7009AEF95 = {
						CreatedOnToolsVersion = 10.0;
					};
				};
			};
			buildConfigurationList = 48234A852245D8B5009AEF95 /* Build configuration list for PBXProject "mindLAMP" */;
			compatibilityVersion = "Xcode 9.3";
			developmentRegion = en;
			hasScannedForEncodings = 0;
			knownRegions = (
				en,
				Base,
			);
			mainGroup = 48234A812245D8B5009AEF95;
			productRefGroup = 48234A8B2245D8B5009AEF95 /* Products */;
			projectDirPath = "";
			projectRoot = "";
			targets = (
				48234A892245D8B5009AEF95 /* mindLAMP */,
				48234A9B2245D8B6009AEF95 /* mindLAMP WatchKit App */,
				48234AAA2245D8B7009AEF95 /* mindLAMP WatchKit Extension */,
			);
		};
/* End PBXProject section */

/* Begin PBXResourcesBuildPhase section */
		48234A882245D8B5009AEF95 /* Resources */ = {
			isa = PBXResourcesBuildPhase;
			buildActionMask = 2147483647;
			files = (
				48234A982245D8B6009AEF95 /* LaunchScreen.storyboard in Resources */,
				C639171E22F9DD46001F1BC5 /* build in Resources */,
				48234A952245D8B6009AEF95 /* Assets.xcassets in Resources */,
				48234A932245D8B5009AEF95 /* Main.storyboard in Resources */,
			);
			runOnlyForDeploymentPostprocessing = 0;
		};
		48234A9A2245D8B6009AEF95 /* Resources */ = {
			isa = PBXResourcesBuildPhase;
			buildActionMask = 2147483647;
			files = (
				48234AA52245D8B7009AEF95 /* Assets.xcassets in Resources */,
				48234AA32245D8B6009AEF95 /* Interface.storyboard in Resources */,
			);
			runOnlyForDeploymentPostprocessing = 0;
		};
		48234AA92245D8B7009AEF95 /* Resources */ = {
			isa = PBXResourcesBuildPhase;
			buildActionMask = 2147483647;
			files = (
				48234AB92245D8B8009AEF95 /* Assets.xcassets in Resources */,
			);
			runOnlyForDeploymentPostprocessing = 0;
		};
/* End PBXResourcesBuildPhase section */

/* Begin PBXSourcesBuildPhase section */
		48234A862245D8B5009AEF95 /* Sources */ = {
			isa = PBXSourcesBuildPhase;
			buildActionMask = 2147483647;
			files = (
				48234A8E2245D8B5009AEF95 /* AppDelegate.swift in Sources */,
			);
			runOnlyForDeploymentPostprocessing = 0;
		};
		48234AA72245D8B7009AEF95 /* Sources */ = {
			isa = PBXSourcesBuildPhase;
			buildActionMask = 2147483647;
			files = (
				48234AB52245D8B7009AEF95 /* NotificationController.swift in Sources */,
				48234AB72245D8B7009AEF95 /* ComplicationController.swift in Sources */,
				48234AB32245D8B7009AEF95 /* ExtensionDelegate.swift in Sources */,
				48234AB12245D8B7009AEF95 /* InterfaceController.swift in Sources */,
			);
			runOnlyForDeploymentPostprocessing = 0;
		};
/* End PBXSourcesBuildPhase section */

/* Begin PBXTargetDependency section */
		48234A9F2245D8B6009AEF95 /* PBXTargetDependency */ = {
			isa = PBXTargetDependency;
			target = 48234A9B2245D8B6009AEF95 /* mindLAMP WatchKit App */;
			targetProxy = 48234A9E2245D8B6009AEF95 /* PBXContainerItemProxy */;
		};
		48234AAE2245D8B7009AEF95 /* PBXTargetDependency */ = {
			isa = PBXTargetDependency;
			target = 48234AAA2245D8B7009AEF95 /* mindLAMP WatchKit Extension */;
			targetProxy = 48234AAD2245D8B7009AEF95 /* PBXContainerItemProxy */;
		};
/* End PBXTargetDependency section */

/* Begin PBXVariantGroup section */
		48234A912245D8B5009AEF95 /* Main.storyboard */ = {
			isa = PBXVariantGroup;
			children = (
				48234A922245D8B5009AEF95 /* Base */,
			);
			name = Main.storyboard;
			sourceTree = "<group>";
		};
		48234A962245D8B6009AEF95 /* LaunchScreen.storyboard */ = {
			isa = PBXVariantGroup;
			children = (
				48234A972245D8B6009AEF95 /* Base */,
			);
			name = LaunchScreen.storyboard;
			sourceTree = "<group>";
		};
		48234AA12245D8B6009AEF95 /* Interface.storyboard */ = {
			isa = PBXVariantGroup;
			children = (
				48234AA22245D8B6009AEF95 /* Base */,
			);
			name = Interface.storyboard;
			sourceTree = "<group>";
		};
/* End PBXVariantGroup section */

/* Begin XCBuildConfiguration section */
		48234ABC2245D8B8009AEF95 /* Debug */ = {
			isa = XCBuildConfiguration;
			buildSettings = {
				ALWAYS_SEARCH_USER_PATHS = NO;
				CLANG_ANALYZER_NONNULL = YES;
				CLANG_ANALYZER_NUMBER_OBJECT_CONVERSION = YES_AGGRESSIVE;
				CLANG_CXX_LANGUAGE_STANDARD = "gnu++14";
				CLANG_CXX_LIBRARY = "libc++";
				CLANG_ENABLE_MODULES = YES;
				CLANG_ENABLE_OBJC_ARC = YES;
				CLANG_ENABLE_OBJC_WEAK = YES;
				CLANG_WARN_BLOCK_CAPTURE_AUTORELEASING = YES;
				CLANG_WARN_BOOL_CONVERSION = YES;
				CLANG_WARN_COMMA = YES;
				CLANG_WARN_CONSTANT_CONVERSION = YES;
				CLANG_WARN_DEPRECATED_OBJC_IMPLEMENTATIONS = YES;
				CLANG_WARN_DIRECT_OBJC_ISA_USAGE = YES_ERROR;
				CLANG_WARN_DOCUMENTATION_COMMENTS = YES;
				CLANG_WARN_EMPTY_BODY = YES;
				CLANG_WARN_ENUM_CONVERSION = YES;
				CLANG_WARN_INFINITE_RECURSION = YES;
				CLANG_WARN_INT_CONVERSION = YES;
				CLANG_WARN_NON_LITERAL_NULL_CONVERSION = YES;
				CLANG_WARN_OBJC_IMPLICIT_RETAIN_SELF = YES;
				CLANG_WARN_OBJC_LITERAL_CONVERSION = YES;
				CLANG_WARN_OBJC_ROOT_CLASS = YES_ERROR;
				CLANG_WARN_RANGE_LOOP_ANALYSIS = YES;
				CLANG_WARN_STRICT_PROTOTYPES = YES;
				CLANG_WARN_SUSPICIOUS_MOVE = YES;
				CLANG_WARN_UNGUARDED_AVAILABILITY = YES_AGGRESSIVE;
				CLANG_WARN_UNREACHABLE_CODE = YES;
				CLANG_WARN__DUPLICATE_METHOD_MATCH = YES;
				CODE_SIGN_IDENTITY = "iPhone Developer";
				COPY_PHASE_STRIP = NO;
				DEBUG_INFORMATION_FORMAT = dwarf;
				ENABLE_STRICT_OBJC_MSGSEND = YES;
				ENABLE_TESTABILITY = YES;
				GCC_C_LANGUAGE_STANDARD = gnu11;
				GCC_DYNAMIC_NO_PIC = NO;
				GCC_NO_COMMON_BLOCKS = YES;
				GCC_OPTIMIZATION_LEVEL = 0;
				GCC_PREPROCESSOR_DEFINITIONS = (
					"DEBUG=1",
					"$(inherited)",
				);
				GCC_WARN_64_TO_32_BIT_CONVERSION = YES;
				GCC_WARN_ABOUT_RETURN_TYPE = YES_ERROR;
				GCC_WARN_UNDECLARED_SELECTOR = YES;
				GCC_WARN_UNINITIALIZED_AUTOS = YES_AGGRESSIVE;
				GCC_WARN_UNUSED_FUNCTION = YES;
				GCC_WARN_UNUSED_VARIABLE = YES;
				IPHONEOS_DEPLOYMENT_TARGET = 12.0;
				MTL_ENABLE_DEBUG_INFO = INCLUDE_SOURCE;
				ONLY_ACTIVE_ARCH = YES;
				SDKROOT = iphoneos;
				SWIFT_ACTIVE_COMPILATION_CONDITIONS = DEBUG;
				SWIFT_OPTIMIZATION_LEVEL = "-Onone";
			};
			name = Debug;
		};
		48234ABD2245D8B8009AEF95 /* Release */ = {
			isa = XCBuildConfiguration;
			buildSettings = {
				ALWAYS_SEARCH_USER_PATHS = NO;
				CLANG_ANALYZER_NONNULL = YES;
				CLANG_ANALYZER_NUMBER_OBJECT_CONVERSION = YES_AGGRESSIVE;
				CLANG_CXX_LANGUAGE_STANDARD = "gnu++14";
				CLANG_CXX_LIBRARY = "libc++";
				CLANG_ENABLE_MODULES = YES;
				CLANG_ENABLE_OBJC_ARC = YES;
				CLANG_ENABLE_OBJC_WEAK = YES;
				CLANG_WARN_BLOCK_CAPTURE_AUTORELEASING = YES;
				CLANG_WARN_BOOL_CONVERSION = YES;
				CLANG_WARN_COMMA = YES;
				CLANG_WARN_CONSTANT_CONVERSION = YES;
				CLANG_WARN_DEPRECATED_OBJC_IMPLEMENTATIONS = YES;
				CLANG_WARN_DIRECT_OBJC_ISA_USAGE = YES_ERROR;
				CLANG_WARN_DOCUMENTATION_COMMENTS = YES;
				CLANG_WARN_EMPTY_BODY = YES;
				CLANG_WARN_ENUM_CONVERSION = YES;
				CLANG_WARN_INFINITE_RECURSION = YES;
				CLANG_WARN_INT_CONVERSION = YES;
				CLANG_WARN_NON_LITERAL_NULL_CONVERSION = YES;
				CLANG_WARN_OBJC_IMPLICIT_RETAIN_SELF = YES;
				CLANG_WARN_OBJC_LITERAL_CONVERSION = YES;
				CLANG_WARN_OBJC_ROOT_CLASS = YES_ERROR;
				CLANG_WARN_RANGE_LOOP_ANALYSIS = YES;
				CLANG_WARN_STRICT_PROTOTYPES = YES;
				CLANG_WARN_SUSPICIOUS_MOVE = YES;
				CLANG_WARN_UNGUARDED_AVAILABILITY = YES_AGGRESSIVE;
				CLANG_WARN_UNREACHABLE_CODE = YES;
				CLANG_WARN__DUPLICATE_METHOD_MATCH = YES;
				CODE_SIGN_IDENTITY = "iPhone Developer";
				COPY_PHASE_STRIP = NO;
				DEBUG_INFORMATION_FORMAT = "dwarf-with-dsym";
				ENABLE_NS_ASSERTIONS = NO;
				ENABLE_STRICT_OBJC_MSGSEND = YES;
				GCC_C_LANGUAGE_STANDARD = gnu11;
				GCC_NO_COMMON_BLOCKS = YES;
				GCC_WARN_64_TO_32_BIT_CONVERSION = YES;
				GCC_WARN_ABOUT_RETURN_TYPE = YES_ERROR;
				GCC_WARN_UNDECLARED_SELECTOR = YES;
				GCC_WARN_UNINITIALIZED_AUTOS = YES_AGGRESSIVE;
				GCC_WARN_UNUSED_FUNCTION = YES;
				GCC_WARN_UNUSED_VARIABLE = YES;
				IPHONEOS_DEPLOYMENT_TARGET = 12.0;
				MTL_ENABLE_DEBUG_INFO = NO;
				SDKROOT = iphoneos;
				SWIFT_COMPILATION_MODE = wholemodule;
				SWIFT_OPTIMIZATION_LEVEL = "-O";
				VALIDATE_PRODUCT = YES;
			};
			name = Release;
		};
		48234ABF2245D8B8009AEF95 /* Debug */ = {
			isa = XCBuildConfiguration;
			buildSettings = {
				ASSETCATALOG_COMPILER_COMPLICATION_NAME = Complication;
				CODE_SIGN_STYLE = Automatic;
				DEVELOPMENT_TEAM = 2754ZHC8VE;
				INFOPLIST_FILE = "mindLAMP WatchKit Extension/Info.plist";
				LD_RUNPATH_SEARCH_PATHS = (
					"$(inherited)",
					"@executable_path/Frameworks",
					"@executable_path/../../Frameworks",
				);
				PRODUCT_BUNDLE_IDENTIFIER = org.digitalpsych.mindLAMP.watchkitapp.watchkitextension;
				PRODUCT_NAME = "${TARGET_NAME}";
				SDKROOT = watchos;
				SKIP_INSTALL = YES;
				SWIFT_VERSION = 4.2;
				TARGETED_DEVICE_FAMILY = 4;
				WATCHOS_DEPLOYMENT_TARGET = 5.0;
			};
			name = Debug;
		};
		48234AC02245D8B8009AEF95 /* Release */ = {
			isa = XCBuildConfiguration;
			buildSettings = {
				ASSETCATALOG_COMPILER_COMPLICATION_NAME = Complication;
				CODE_SIGN_STYLE = Automatic;
				DEVELOPMENT_TEAM = 2754ZHC8VE;
				INFOPLIST_FILE = "mindLAMP WatchKit Extension/Info.plist";
				LD_RUNPATH_SEARCH_PATHS = (
					"$(inherited)",
					"@executable_path/Frameworks",
					"@executable_path/../../Frameworks",
				);
				PRODUCT_BUNDLE_IDENTIFIER = org.digitalpsych.mindLAMP.watchkitapp.watchkitextension;
				PRODUCT_NAME = "${TARGET_NAME}";
				SDKROOT = watchos;
				SKIP_INSTALL = YES;
				SWIFT_VERSION = 4.2;
				TARGETED_DEVICE_FAMILY = 4;
				WATCHOS_DEPLOYMENT_TARGET = 5.0;
			};
			name = Release;
		};
		48234AC32245D8B8009AEF95 /* Debug */ = {
			isa = XCBuildConfiguration;
			buildSettings = {
				ALWAYS_EMBED_SWIFT_STANDARD_LIBRARIES = YES;
				ASSETCATALOG_COMPILER_APPICON_NAME = AppIcon;
				CODE_SIGN_STYLE = Automatic;
				DEVELOPMENT_TEAM = 2754ZHC8VE;
				IBSC_MODULE = mindLAMP_WatchKit_Extension;
				INFOPLIST_FILE = "mindLAMP WatchKit App/Info.plist";
				PRODUCT_BUNDLE_IDENTIFIER = org.digitalpsych.mindLAMP.watchkitapp;
				PRODUCT_NAME = "$(TARGET_NAME)";
				SDKROOT = watchos;
				SKIP_INSTALL = YES;
				SWIFT_VERSION = 4.2;
				TARGETED_DEVICE_FAMILY = 4;
				WATCHOS_DEPLOYMENT_TARGET = 5.0;
			};
			name = Debug;
		};
		48234AC42245D8B8009AEF95 /* Release */ = {
			isa = XCBuildConfiguration;
			buildSettings = {
				ALWAYS_EMBED_SWIFT_STANDARD_LIBRARIES = YES;
				ASSETCATALOG_COMPILER_APPICON_NAME = AppIcon;
				CODE_SIGN_STYLE = Automatic;
				DEVELOPMENT_TEAM = 2754ZHC8VE;
				IBSC_MODULE = mindLAMP_WatchKit_Extension;
				INFOPLIST_FILE = "mindLAMP WatchKit App/Info.plist";
				PRODUCT_BUNDLE_IDENTIFIER = org.digitalpsych.mindLAMP.watchkitapp;
				PRODUCT_NAME = "$(TARGET_NAME)";
				SDKROOT = watchos;
				SKIP_INSTALL = YES;
				SWIFT_VERSION = 4.2;
				TARGETED_DEVICE_FAMILY = 4;
				WATCHOS_DEPLOYMENT_TARGET = 5.0;
			};
			name = Release;
		};
		48234AC72245D8B8009AEF95 /* Debug */ = {
			isa = XCBuildConfiguration;
			buildSettings = {
				ASSETCATALOG_COMPILER_APPICON_NAME = AppIcon;
				CLANG_ENABLE_MODULES = YES;
				CODE_SIGN_STYLE = Automatic;
				DEVELOPMENT_TEAM = 2754ZHC8VE;
				ENABLE_BITCODE = NO;
				FRAMEWORK_SEARCH_PATHS = (
					"$(inherited)",
					"$(PROJECT_DIR)/libnode/Release-universal",
					"$(PROJECT_DIR)/libnode/Release-iphoneos",
					"$(PROJECT_DIR)/libnode/Debug",
				);
				INFOPLIST_FILE = mindLAMP/Info.plist;
				LD_RUNPATH_SEARCH_PATHS = (
					"$(inherited)",
					"@executable_path/Frameworks",
				);
				PRODUCT_BUNDLE_IDENTIFIER = org.digitalpsych.mindLAMP;
				PRODUCT_NAME = "$(TARGET_NAME)";
				SWIFT_OBJC_BRIDGING_HEADER = "mindLAMP/mindLAMP-Bridging-Header.h";
				SWIFT_OPTIMIZATION_LEVEL = "-Onone";
				SWIFT_VERSION = 4.2;
				TARGETED_DEVICE_FAMILY = "1,2";
			};
			name = Debug;
		};
		48234AC82245D8B8009AEF95 /* Release */ = {
			isa = XCBuildConfiguration;
			buildSettings = {
				ASSETCATALOG_COMPILER_APPICON_NAME = AppIcon;
				CLANG_ENABLE_MODULES = YES;
				CODE_SIGN_STYLE = Automatic;
				DEVELOPMENT_TEAM = 2754ZHC8VE;
				ENABLE_BITCODE = NO;
				FRAMEWORK_SEARCH_PATHS = (
					"$(inherited)",
					"$(PROJECT_DIR)/libnode/Release-universal",
					"$(PROJECT_DIR)/libnode/Release-iphoneos",
					"$(PROJECT_DIR)/libnode/Debug",
				);
				INFOPLIST_FILE = mindLAMP/Info.plist;
				LD_RUNPATH_SEARCH_PATHS = (
					"$(inherited)",
					"@executable_path/Frameworks",
				);
				PRODUCT_BUNDLE_IDENTIFIER = org.digitalpsych.mindLAMP;
				PRODUCT_NAME = "$(TARGET_NAME)";
				SWIFT_OBJC_BRIDGING_HEADER = "mindLAMP/mindLAMP-Bridging-Header.h";
				SWIFT_VERSION = 4.2;
				TARGETED_DEVICE_FAMILY = "1,2";
			};
			name = Release;
		};
/* End XCBuildConfiguration section */

/* Begin XCConfigurationList section */
		48234A852245D8B5009AEF95 /* Build configuration list for PBXProject "mindLAMP" */ = {
			isa = XCConfigurationList;
			buildConfigurations = (
				48234ABC2245D8B8009AEF95 /* Debug */,
				48234ABD2245D8B8009AEF95 /* Release */,
			);
			defaultConfigurationIsVisible = 0;
			defaultConfigurationName = Release;
		};
		48234ABE2245D8B8009AEF95 /* Build configuration list for PBXNativeTarget "mindLAMP WatchKit Extension" */ = {
			isa = XCConfigurationList;
			buildConfigurations = (
				48234ABF2245D8B8009AEF95 /* Debug */,
				48234AC02245D8B8009AEF95 /* Release */,
			);
			defaultConfigurationIsVisible = 0;
			defaultConfigurationName = Release;
		};
		48234AC22245D8B8009AEF95 /* Build configuration list for PBXNativeTarget "mindLAMP WatchKit App" */ = {
			isa = XCConfigurationList;
			buildConfigurations = (
				48234AC32245D8B8009AEF95 /* Debug */,
				48234AC42245D8B8009AEF95 /* Release */,
			);
			defaultConfigurationIsVisible = 0;
			defaultConfigurationName = Release;
		};
		48234AC62245D8B8009AEF95 /* Build configuration list for PBXNativeTarget "mindLAMP" */ = {
			isa = XCConfigurationList;
			buildConfigurations = (
				48234AC72245D8B8009AEF95 /* Debug */,
				48234AC82245D8B8009AEF95 /* Release */,
			);
			defaultConfigurationIsVisible = 0;
			defaultConfigurationName = Release;
		};
/* End XCConfigurationList section */
	};
	rootObject = 48234A822245D8B5009AEF95 /* Project object */;
}
