// !$*UTF8*$!
{
	archiveVersion = 1;
	classes = {
	};
	objectVersion = 50;
	objects = {

/* Begin PBXBuildFile section */
		5F34363324210B8A0097EC2F /* LMLogsManager.swift in Sources */ = {isa = PBXBuildFile; fileRef = 5F34363224210B8A0097EC2F /* LMLogsManager.swift */; };
		5F3D223C241A0F0600899DD0 /* LMBluetoothSensor.swift in Sources */ = {isa = PBXBuildFile; fileRef = 5F3D223B241A0F0600899DD0 /* LMBluetoothSensor.swift */; };
		5F763011242386AA00B2DD03 /* Localizable.strings in Resources */ = {isa = PBXBuildFile; fileRef = 5F763010242386AA00B2DD03 /* Localizable.strings */; };
		5F82D54E24122EFD0040AA41 /* AwareObject.swift in Sources */ = {isa = PBXBuildFile; fileRef = 5F82D53D24122EFD0040AA41 /* AwareObject.swift */; };
		5F82D54F24122EFD0040AA41 /* AwareNotification.swift in Sources */ = {isa = PBXBuildFile; fileRef = 5F82D53E24122EFD0040AA41 /* AwareNotification.swift */; };
		5F82D55024122EFD0040AA41 /* Engine.swift in Sources */ = {isa = PBXBuildFile; fileRef = 5F82D53F24122EFD0040AA41 /* Engine.swift */; };
		5F82D55124122EFD0040AA41 /* DbSyncConfig.swift in Sources */ = {isa = PBXBuildFile; fileRef = 5F82D54024122EFD0040AA41 /* DbSyncConfig.swift */; };
		5F82D55224122EFD0040AA41 /* AwareUtils.swift in Sources */ = {isa = PBXBuildFile; fileRef = 5F82D54124122EFD0040AA41 /* AwareUtils.swift */; };
		5F82D55324122EFD0040AA41 /* SensorManager.swift in Sources */ = {isa = PBXBuildFile; fileRef = 5F82D54224122EFD0040AA41 /* SensorManager.swift */; };
		5F82D55424122EFD0040AA41 /* AwareSensor.swift in Sources */ = {isa = PBXBuildFile; fileRef = 5F82D54324122EFD0040AA41 /* AwareSensor.swift */; };
		5F82D55524122EFD0040AA41 /* SensorConfig.swift in Sources */ = {isa = PBXBuildFile; fileRef = 5F82D54424122EFD0040AA41 /* SensorConfig.swift */; };
		5F82D55624122EFD0040AA41 /* AccelerometerData.swift in Sources */ = {isa = PBXBuildFile; fileRef = 5F82D54624122EFD0040AA41 /* AccelerometerData.swift */; };
		5F82D55724122EFD0040AA41 /* AccelerometerSensor.swift in Sources */ = {isa = PBXBuildFile; fileRef = 5F82D54724122EFD0040AA41 /* AccelerometerSensor.swift */; };
		5F82D55824122EFD0040AA41 /* GyroscopeSensor.swift in Sources */ = {isa = PBXBuildFile; fileRef = 5F82D54924122EFD0040AA41 /* GyroscopeSensor.swift */; };
		5F82D55924122EFD0040AA41 /* GyroscopeData.swift in Sources */ = {isa = PBXBuildFile; fileRef = 5F82D54A24122EFD0040AA41 /* GyroscopeData.swift */; };
		5F82D55A24122EFD0040AA41 /* LocationsSensor.swift in Sources */ = {isa = PBXBuildFile; fileRef = 5F82D54C24122EFD0040AA41 /* LocationsSensor.swift */; };
		5F82D55B24122EFD0040AA41 /* LocationsData.swift in Sources */ = {isa = PBXBuildFile; fileRef = 5F82D54D24122EFD0040AA41 /* LocationsData.swift */; };
		5F82D55F241230A90040AA41 /* GeofenceData.swift in Sources */ = {isa = PBXBuildFile; fileRef = 5F82D55C241230A90040AA41 /* GeofenceData.swift */; };
		5F82D560241230A90040AA41 /* HeadingData.swift in Sources */ = {isa = PBXBuildFile; fileRef = 5F82D55D241230A90040AA41 /* HeadingData.swift */; };
		5F82D561241230A90040AA41 /* VisitData.swift in Sources */ = {isa = PBXBuildFile; fileRef = 5F82D55E241230A90040AA41 /* VisitData.swift */; };
		5F82D56324124DA40040AA41 /* LMSensorManager+SensorObservers.swift in Sources */ = {isa = PBXBuildFile; fileRef = 5F82D56224124DA40040AA41 /* LMSensorManager+SensorObservers.swift */; };
		5F82D5682412541C0040AA41 /* ScreenSensor.swift in Sources */ = {isa = PBXBuildFile; fileRef = 5F82D5652412541C0040AA41 /* ScreenSensor.swift */; };
		5F82D5692412541C0040AA41 /* ScreenBrightnessData.swift in Sources */ = {isa = PBXBuildFile; fileRef = 5F82D5662412541C0040AA41 /* ScreenBrightnessData.swift */; };
		5F82D56A2412541D0040AA41 /* ScreenData.swift in Sources */ = {isa = PBXBuildFile; fileRef = 5F82D5672412541C0040AA41 /* ScreenData.swift */; };
		5F82D56E24126FDD0040AA41 /* CallsData.swift in Sources */ = {isa = PBXBuildFile; fileRef = 5F82D56C24126FDC0040AA41 /* CallsData.swift */; };
		5F82D56F24126FDD0040AA41 /* CallsSensor.swift in Sources */ = {isa = PBXBuildFile; fileRef = 5F82D56D24126FDC0040AA41 /* CallsSensor.swift */; };
		5F82D573241271830040AA41 /* GravityData.swift in Sources */ = {isa = PBXBuildFile; fileRef = 5F82D571241271830040AA41 /* GravityData.swift */; };
		5F82D574241271830040AA41 /* GravitySensor.swift in Sources */ = {isa = PBXBuildFile; fileRef = 5F82D572241271830040AA41 /* GravitySensor.swift */; };
		5F82D578241272E30040AA41 /* MagnetometerData.swift in Sources */ = {isa = PBXBuildFile; fileRef = 5F82D576241272E30040AA41 /* MagnetometerData.swift */; };
		5F82D579241272E30040AA41 /* MagnetometerSensor.swift in Sources */ = {isa = PBXBuildFile; fileRef = 5F82D577241272E30040AA41 /* MagnetometerSensor.swift */; };
		5F82D57D241274430040AA41 /* PedometerData.swift in Sources */ = {isa = PBXBuildFile; fileRef = 5F82D57B241274430040AA41 /* PedometerData.swift */; };
		5F82D57E241274430040AA41 /* PedometerSensor.swift in Sources */ = {isa = PBXBuildFile; fileRef = 5F82D57C241274430040AA41 /* PedometerSensor.swift */; };
		5F82D5822412752F0040AA41 /* RotationSensor.swift in Sources */ = {isa = PBXBuildFile; fileRef = 5F82D5802412752F0040AA41 /* RotationSensor.swift */; };
		5F82D5832412752F0040AA41 /* RotationData.swift in Sources */ = {isa = PBXBuildFile; fileRef = 5F82D5812412752F0040AA41 /* RotationData.swift */; };
		5F82D588241276270040AA41 /* WiFiSensor.swift in Sources */ = {isa = PBXBuildFile; fileRef = 5F82D585241276270040AA41 /* WiFiSensor.swift */; };
		5F82D589241276270040AA41 /* WiFiDeviceData.swift in Sources */ = {isa = PBXBuildFile; fileRef = 5F82D586241276270040AA41 /* WiFiDeviceData.swift */; };
		5F82D58A241276270040AA41 /* WiFiScanData.swift in Sources */ = {isa = PBXBuildFile; fileRef = 5F82D587241276270040AA41 /* WiFiScanData.swift */; };
		5F82D58E241279040040AA41 /* Reachability.swift in Sources */ = {isa = PBXBuildFile; fileRef = 5F82D58D241279040040AA41 /* Reachability.swift */; };
		5FB802B1241B859C00340112 /* LMHealthKitSensor.swift in Sources */ = {isa = PBXBuildFile; fileRef = 5FB802B0241B859C00340112 /* LMHealthKitSensor.swift */; };
		5FB802B3241BAFF500340112 /* LMHealthKitSensorData.swift in Sources */ = {isa = PBXBuildFile; fileRef = 5FB802B2241BAFF500340112 /* LMHealthKitSensorData.swift */; };
		5FF29324242206F100D0BE09 /* LogsModel.swift in Sources */ = {isa = PBXBuildFile; fileRef = 5FF29323242206F100D0BE09 /* LogsModel.swift */; };
		5FF29327242223F300D0BE09 /* FileStorage.swift in Sources */ = {isa = PBXBuildFile; fileRef = 5FF29326242223F300D0BE09 /* FileStorage.swift */; };
		5FF2932A24223A6300D0BE09 /* LMConstants.swift in Sources */ = {isa = PBXBuildFile; fileRef = 5FF2932924223A6300D0BE09 /* LMConstants.swift */; };
		5FFF157124209F9100C8A26E /* HKDevice+Extension.swift in Sources */ = {isa = PBXBuildFile; fileRef = 5FFF157024209F9100C8A26E /* HKDevice+Extension.swift */; };
		5FFF15732420A1B500C8A26E /* HKWorkoutActivityType+Extension.swift in Sources */ = {isa = PBXBuildFile; fileRef = 5FFF15722420A1B500C8A26E /* HKWorkoutActivityType+Extension.swift */; };
		B23993BA2440696800E31B06 /* exportOptions.plist in Resources */ = {isa = PBXBuildFile; fileRef = B23993B92440696800E31B06 /* exportOptions.plist */; };
		B240815A23D8803900845AEE /* WebViewController.swift in Sources */ = {isa = PBXBuildFile; fileRef = B240814223D8803900845AEE /* WebViewController.swift */; };
		B240815E23D8803900845AEE /* LMSensorManager.swift in Sources */ = {isa = PBXBuildFile; fileRef = B240814823D8803900845AEE /* LMSensorManager.swift */; };
		B240815F23D8803900845AEE /* NetworkConfig.swift in Sources */ = {isa = PBXBuildFile; fileRef = B240814923D8803900845AEE /* NetworkConfig.swift */; };
		B240816023D8803900845AEE /* LMCommon.swift in Sources */ = {isa = PBXBuildFile; fileRef = B240814B23D8803900845AEE /* LMCommon.swift */; };
		B240816123D8803900845AEE /* SensorModel.swift in Sources */ = {isa = PBXBuildFile; fileRef = B240814C23D8803900845AEE /* SensorModel.swift */; };
		B240816223D8803900845AEE /* Result.swift in Sources */ = {isa = PBXBuildFile; fileRef = B240814F23D8803900845AEE /* Result.swift */; };
		B240816323D8803900845AEE /* CodableHelpers.swift in Sources */ = {isa = PBXBuildFile; fileRef = B240815123D8803900845AEE /* CodableHelpers.swift */; };
		B240816423D8803900845AEE /* Networking.swift in Sources */ = {isa = PBXBuildFile; fileRef = B240815223D8803900845AEE /* Networking.swift */; };
		B240816523D8803900845AEE /* NetworkingAPI.swift in Sources */ = {isa = PBXBuildFile; fileRef = B240815323D8803900845AEE /* NetworkingAPI.swift */; };
		B240816623D8803900845AEE /* Logging.swift in Sources */ = {isa = PBXBuildFile; fileRef = B240815523D8803900845AEE /* Logging.swift */; };
		B240816723D8803900845AEE /* LMError.swift in Sources */ = {isa = PBXBuildFile; fileRef = B240815723D8803900845AEE /* LMError.swift */; };
		B240816C23D8814300845AEE /* BackgroundOperation.swift in Sources */ = {isa = PBXBuildFile; fileRef = B240816923D8814300845AEE /* BackgroundOperation.swift */; };
		B240816D23D8814300845AEE /* BackgroundServices.swift in Sources */ = {isa = PBXBuildFile; fileRef = B240816A23D8814300845AEE /* BackgroundServices.swift */; };
		B240816E23D8814300845AEE /* AsynchronousOperation.swift in Sources */ = {isa = PBXBuildFile; fileRef = B240816B23D8814300845AEE /* AsynchronousOperation.swift */; };
		B244A1C223BF4A91007FBDB8 /* FileManager+Extension.swift in Sources */ = {isa = PBXBuildFile; fileRef = B244A1C123BF4A91007FBDB8 /* FileManager+Extension.swift */; };
		B29639D123BDC28100626E1A /* AppDelegate.swift in Sources */ = {isa = PBXBuildFile; fileRef = B29639D023BDC28100626E1A /* AppDelegate.swift */; };
		B29639D723BDC28200626E1A /* Assets.xcassets in Resources */ = {isa = PBXBuildFile; fileRef = B29639D623BDC28200626E1A /* Assets.xcassets */; };
		B29639DA23BDC28200626E1A /* Preview Assets.xcassets in Resources */ = {isa = PBXBuildFile; fileRef = B29639D923BDC28200626E1A /* Preview Assets.xcassets */; };
		B29639DD23BDC28200626E1A /* LaunchScreen.storyboard in Resources */ = {isa = PBXBuildFile; fileRef = B29639DB23BDC28200626E1A /* LaunchScreen.storyboard */; };
		B2B889EE23D0A52C00321C3E /* Home.storyboard in Resources */ = {isa = PBXBuildFile; fileRef = B2B889ED23D0A52C00321C3E /* Home.storyboard */; };
		B2B8935223D0AD6500321C3E /* DateExtension.swift in Sources */ = {isa = PBXBuildFile; fileRef = B2B8935023D0AD6500321C3E /* DateExtension.swift */; };
		B2B8935323D0AD6500321C3E /* String+Extension.swift in Sources */ = {isa = PBXBuildFile; fileRef = B2B8935123D0AD6500321C3E /* String+Extension.swift */; };
		B2B8979823D0ADBA00321C3E /* HealthKit.framework in Frameworks */ = {isa = PBXBuildFile; fileRef = B2B8979723D0ADBA00321C3E /* HealthKit.framework */; };
		B2C786B023D6C77B006BF98A /* UserDefaults+Extension.swift in Sources */ = {isa = PBXBuildFile; fileRef = B2C786AF23D6C77B006BF98A /* UserDefaults+Extension.swift */; };
		B2C786D823D6DF28006BF98A /* NotificationExtension.swift in Sources */ = {isa = PBXBuildFile; fileRef = B2C786D723D6DF28006BF98A /* NotificationExtension.swift */; };
/* End PBXBuildFile section */

/* Begin PBXCopyFilesBuildPhase section */
		5F7D0ADD23D8478B00BA0B4F /* Embed Frameworks */ = {
			isa = PBXCopyFilesBuildPhase;
			buildActionMask = 2147483647;
			dstPath = "";
			dstSubfolderSpec = 10;
			files = (
			);
			name = "Embed Frameworks";
			runOnlyForDeploymentPostprocessing = 0;
		};
/* End PBXCopyFilesBuildPhase section */

/* Begin PBXFileReference section */
		5F34363224210B8A0097EC2F /* LMLogsManager.swift */ = {isa = PBXFileReference; lastKnownFileType = sourcecode.swift; path = LMLogsManager.swift; sourceTree = "<group>"; };
		5F3D223B241A0F0600899DD0 /* LMBluetoothSensor.swift */ = {isa = PBXFileReference; lastKnownFileType = sourcecode.swift; path = LMBluetoothSensor.swift; sourceTree = "<group>"; };
		5F763010242386AA00B2DD03 /* Localizable.strings */ = {isa = PBXFileReference; lastKnownFileType = text.plist.strings; path = Localizable.strings; sourceTree = "<group>"; };
		5F82D53D24122EFD0040AA41 /* AwareObject.swift */ = {isa = PBXFileReference; fileEncoding = 4; lastKnownFileType = sourcecode.swift; path = AwareObject.swift; sourceTree = "<group>"; };
		5F82D53E24122EFD0040AA41 /* AwareNotification.swift */ = {isa = PBXFileReference; fileEncoding = 4; lastKnownFileType = sourcecode.swift; path = AwareNotification.swift; sourceTree = "<group>"; };
		5F82D53F24122EFD0040AA41 /* Engine.swift */ = {isa = PBXFileReference; fileEncoding = 4; lastKnownFileType = sourcecode.swift; path = Engine.swift; sourceTree = "<group>"; };
		5F82D54024122EFD0040AA41 /* DbSyncConfig.swift */ = {isa = PBXFileReference; fileEncoding = 4; lastKnownFileType = sourcecode.swift; path = DbSyncConfig.swift; sourceTree = "<group>"; };
		5F82D54124122EFD0040AA41 /* AwareUtils.swift */ = {isa = PBXFileReference; fileEncoding = 4; lastKnownFileType = sourcecode.swift; path = AwareUtils.swift; sourceTree = "<group>"; };
		5F82D54224122EFD0040AA41 /* SensorManager.swift */ = {isa = PBXFileReference; fileEncoding = 4; lastKnownFileType = sourcecode.swift; path = SensorManager.swift; sourceTree = "<group>"; };
		5F82D54324122EFD0040AA41 /* AwareSensor.swift */ = {isa = PBXFileReference; fileEncoding = 4; lastKnownFileType = sourcecode.swift; path = AwareSensor.swift; sourceTree = "<group>"; };
		5F82D54424122EFD0040AA41 /* SensorConfig.swift */ = {isa = PBXFileReference; fileEncoding = 4; lastKnownFileType = sourcecode.swift; path = SensorConfig.swift; sourceTree = "<group>"; };
		5F82D54624122EFD0040AA41 /* AccelerometerData.swift */ = {isa = PBXFileReference; fileEncoding = 4; lastKnownFileType = sourcecode.swift; path = AccelerometerData.swift; sourceTree = "<group>"; };
		5F82D54724122EFD0040AA41 /* AccelerometerSensor.swift */ = {isa = PBXFileReference; fileEncoding = 4; lastKnownFileType = sourcecode.swift; path = AccelerometerSensor.swift; sourceTree = "<group>"; };
		5F82D54924122EFD0040AA41 /* GyroscopeSensor.swift */ = {isa = PBXFileReference; fileEncoding = 4; lastKnownFileType = sourcecode.swift; path = GyroscopeSensor.swift; sourceTree = "<group>"; };
		5F82D54A24122EFD0040AA41 /* GyroscopeData.swift */ = {isa = PBXFileReference; fileEncoding = 4; lastKnownFileType = sourcecode.swift; path = GyroscopeData.swift; sourceTree = "<group>"; };
		5F82D54C24122EFD0040AA41 /* LocationsSensor.swift */ = {isa = PBXFileReference; fileEncoding = 4; lastKnownFileType = sourcecode.swift; path = LocationsSensor.swift; sourceTree = "<group>"; };
		5F82D54D24122EFD0040AA41 /* LocationsData.swift */ = {isa = PBXFileReference; fileEncoding = 4; lastKnownFileType = sourcecode.swift; path = LocationsData.swift; sourceTree = "<group>"; };
		5F82D55C241230A90040AA41 /* GeofenceData.swift */ = {isa = PBXFileReference; fileEncoding = 4; lastKnownFileType = sourcecode.swift; path = GeofenceData.swift; sourceTree = "<group>"; };
		5F82D55D241230A90040AA41 /* HeadingData.swift */ = {isa = PBXFileReference; fileEncoding = 4; lastKnownFileType = sourcecode.swift; path = HeadingData.swift; sourceTree = "<group>"; };
		5F82D55E241230A90040AA41 /* VisitData.swift */ = {isa = PBXFileReference; fileEncoding = 4; lastKnownFileType = sourcecode.swift; path = VisitData.swift; sourceTree = "<group>"; };
		5F82D56224124DA40040AA41 /* LMSensorManager+SensorObservers.swift */ = {isa = PBXFileReference; lastKnownFileType = sourcecode.swift; path = "LMSensorManager+SensorObservers.swift"; sourceTree = "<group>"; };
		5F82D5652412541C0040AA41 /* ScreenSensor.swift */ = {isa = PBXFileReference; fileEncoding = 4; lastKnownFileType = sourcecode.swift; path = ScreenSensor.swift; sourceTree = "<group>"; };
		5F82D5662412541C0040AA41 /* ScreenBrightnessData.swift */ = {isa = PBXFileReference; fileEncoding = 4; lastKnownFileType = sourcecode.swift; path = ScreenBrightnessData.swift; sourceTree = "<group>"; };
		5F82D5672412541C0040AA41 /* ScreenData.swift */ = {isa = PBXFileReference; fileEncoding = 4; lastKnownFileType = sourcecode.swift; path = ScreenData.swift; sourceTree = "<group>"; };
		5F82D56C24126FDC0040AA41 /* CallsData.swift */ = {isa = PBXFileReference; fileEncoding = 4; lastKnownFileType = sourcecode.swift; path = CallsData.swift; sourceTree = "<group>"; };
		5F82D56D24126FDC0040AA41 /* CallsSensor.swift */ = {isa = PBXFileReference; fileEncoding = 4; lastKnownFileType = sourcecode.swift; path = CallsSensor.swift; sourceTree = "<group>"; };
		5F82D571241271830040AA41 /* GravityData.swift */ = {isa = PBXFileReference; fileEncoding = 4; lastKnownFileType = sourcecode.swift; path = GravityData.swift; sourceTree = "<group>"; };
		5F82D572241271830040AA41 /* GravitySensor.swift */ = {isa = PBXFileReference; fileEncoding = 4; lastKnownFileType = sourcecode.swift; path = GravitySensor.swift; sourceTree = "<group>"; };
		5F82D576241272E30040AA41 /* MagnetometerData.swift */ = {isa = PBXFileReference; fileEncoding = 4; lastKnownFileType = sourcecode.swift; path = MagnetometerData.swift; sourceTree = "<group>"; };
		5F82D577241272E30040AA41 /* MagnetometerSensor.swift */ = {isa = PBXFileReference; fileEncoding = 4; lastKnownFileType = sourcecode.swift; path = MagnetometerSensor.swift; sourceTree = "<group>"; };
		5F82D57B241274430040AA41 /* PedometerData.swift */ = {isa = PBXFileReference; fileEncoding = 4; lastKnownFileType = sourcecode.swift; path = PedometerData.swift; sourceTree = "<group>"; };
		5F82D57C241274430040AA41 /* PedometerSensor.swift */ = {isa = PBXFileReference; fileEncoding = 4; lastKnownFileType = sourcecode.swift; path = PedometerSensor.swift; sourceTree = "<group>"; };
		5F82D5802412752F0040AA41 /* RotationSensor.swift */ = {isa = PBXFileReference; fileEncoding = 4; lastKnownFileType = sourcecode.swift; path = RotationSensor.swift; sourceTree = "<group>"; };
		5F82D5812412752F0040AA41 /* RotationData.swift */ = {isa = PBXFileReference; fileEncoding = 4; lastKnownFileType = sourcecode.swift; path = RotationData.swift; sourceTree = "<group>"; };
		5F82D585241276270040AA41 /* WiFiSensor.swift */ = {isa = PBXFileReference; fileEncoding = 4; lastKnownFileType = sourcecode.swift; path = WiFiSensor.swift; sourceTree = "<group>"; };
		5F82D586241276270040AA41 /* WiFiDeviceData.swift */ = {isa = PBXFileReference; fileEncoding = 4; lastKnownFileType = sourcecode.swift; path = WiFiDeviceData.swift; sourceTree = "<group>"; };
		5F82D587241276270040AA41 /* WiFiScanData.swift */ = {isa = PBXFileReference; fileEncoding = 4; lastKnownFileType = sourcecode.swift; path = WiFiScanData.swift; sourceTree = "<group>"; };
		5F82D58D241279040040AA41 /* Reachability.swift */ = {isa = PBXFileReference; fileEncoding = 4; lastKnownFileType = sourcecode.swift; path = Reachability.swift; sourceTree = "<group>"; };
		5FB802B0241B859C00340112 /* LMHealthKitSensor.swift */ = {isa = PBXFileReference; lastKnownFileType = sourcecode.swift; path = LMHealthKitSensor.swift; sourceTree = "<group>"; };
		5FB802B2241BAFF500340112 /* LMHealthKitSensorData.swift */ = {isa = PBXFileReference; lastKnownFileType = sourcecode.swift; path = LMHealthKitSensorData.swift; sourceTree = "<group>"; };
		5FC0151223C5A85300990506 /* mindLAMP-Bridging-Header.h */ = {isa = PBXFileReference; lastKnownFileType = sourcecode.c.h; path = "mindLAMP-Bridging-Header.h"; sourceTree = "<group>"; };
		5FF29323242206F100D0BE09 /* LogsModel.swift */ = {isa = PBXFileReference; lastKnownFileType = sourcecode.swift; path = LogsModel.swift; sourceTree = "<group>"; };
		5FF29326242223F300D0BE09 /* FileStorage.swift */ = {isa = PBXFileReference; lastKnownFileType = sourcecode.swift; path = FileStorage.swift; sourceTree = "<group>"; };
		5FF2932924223A6300D0BE09 /* LMConstants.swift */ = {isa = PBXFileReference; lastKnownFileType = sourcecode.swift; path = LMConstants.swift; sourceTree = "<group>"; };
		5FFF157024209F9100C8A26E /* HKDevice+Extension.swift */ = {isa = PBXFileReference; lastKnownFileType = sourcecode.swift; path = "HKDevice+Extension.swift"; sourceTree = "<group>"; };
		5FFF15722420A1B500C8A26E /* HKWorkoutActivityType+Extension.swift */ = {isa = PBXFileReference; lastKnownFileType = sourcecode.swift; path = "HKWorkoutActivityType+Extension.swift"; sourceTree = "<group>"; };
		B23993B92440696800E31B06 /* exportOptions.plist */ = {isa = PBXFileReference; fileEncoding = 4; lastKnownFileType = text.plist.xml; path = exportOptions.plist; sourceTree = "<group>"; };
		B240814223D8803900845AEE /* WebViewController.swift */ = {isa = PBXFileReference; fileEncoding = 4; lastKnownFileType = sourcecode.swift; path = WebViewController.swift; sourceTree = "<group>"; };
		B240814823D8803900845AEE /* LMSensorManager.swift */ = {isa = PBXFileReference; fileEncoding = 4; lastKnownFileType = sourcecode.swift; path = LMSensorManager.swift; sourceTree = "<group>"; };
		B240814923D8803900845AEE /* NetworkConfig.swift */ = {isa = PBXFileReference; fileEncoding = 4; lastKnownFileType = sourcecode.swift; path = NetworkConfig.swift; sourceTree = "<group>"; };
		B240814B23D8803900845AEE /* LMCommon.swift */ = {isa = PBXFileReference; fileEncoding = 4; lastKnownFileType = sourcecode.swift; path = LMCommon.swift; sourceTree = "<group>"; };
		B240814C23D8803900845AEE /* SensorModel.swift */ = {isa = PBXFileReference; fileEncoding = 4; lastKnownFileType = sourcecode.swift; path = SensorModel.swift; sourceTree = "<group>"; };
		B240814F23D8803900845AEE /* Result.swift */ = {isa = PBXFileReference; fileEncoding = 4; lastKnownFileType = sourcecode.swift; path = Result.swift; sourceTree = "<group>"; };
		B240815123D8803900845AEE /* CodableHelpers.swift */ = {isa = PBXFileReference; fileEncoding = 4; lastKnownFileType = sourcecode.swift; path = CodableHelpers.swift; sourceTree = "<group>"; };
		B240815223D8803900845AEE /* Networking.swift */ = {isa = PBXFileReference; fileEncoding = 4; lastKnownFileType = sourcecode.swift; path = Networking.swift; sourceTree = "<group>"; };
		B240815323D8803900845AEE /* NetworkingAPI.swift */ = {isa = PBXFileReference; fileEncoding = 4; lastKnownFileType = sourcecode.swift; path = NetworkingAPI.swift; sourceTree = "<group>"; };
		B240815523D8803900845AEE /* Logging.swift */ = {isa = PBXFileReference; fileEncoding = 4; lastKnownFileType = sourcecode.swift; path = Logging.swift; sourceTree = "<group>"; };
		B240815723D8803900845AEE /* LMError.swift */ = {isa = PBXFileReference; fileEncoding = 4; lastKnownFileType = sourcecode.swift; path = LMError.swift; sourceTree = "<group>"; };
		B240816923D8814300845AEE /* BackgroundOperation.swift */ = {isa = PBXFileReference; fileEncoding = 4; lastKnownFileType = sourcecode.swift; path = BackgroundOperation.swift; sourceTree = "<group>"; };
		B240816A23D8814300845AEE /* BackgroundServices.swift */ = {isa = PBXFileReference; fileEncoding = 4; lastKnownFileType = sourcecode.swift; path = BackgroundServices.swift; sourceTree = "<group>"; };
		B240816B23D8814300845AEE /* AsynchronousOperation.swift */ = {isa = PBXFileReference; fileEncoding = 4; lastKnownFileType = sourcecode.swift; path = AsynchronousOperation.swift; sourceTree = "<group>"; };
		B244A1C123BF4A91007FBDB8 /* FileManager+Extension.swift */ = {isa = PBXFileReference; lastKnownFileType = sourcecode.swift; path = "FileManager+Extension.swift"; sourceTree = "<group>"; };
		B29639CD23BDC28100626E1A /* mindLAMP 2.app */ = {isa = PBXFileReference; explicitFileType = wrapper.application; includeInIndex = 0; path = "mindLAMP 2.app"; sourceTree = BUILT_PRODUCTS_DIR; };
		B29639D023BDC28100626E1A /* AppDelegate.swift */ = {isa = PBXFileReference; lastKnownFileType = sourcecode.swift; path = AppDelegate.swift; sourceTree = "<group>"; };
		B29639D623BDC28200626E1A /* Assets.xcassets */ = {isa = PBXFileReference; lastKnownFileType = folder.assetcatalog; path = Assets.xcassets; sourceTree = "<group>"; };
		B29639D923BDC28200626E1A /* Preview Assets.xcassets */ = {isa = PBXFileReference; lastKnownFileType = folder.assetcatalog; path = "Preview Assets.xcassets"; sourceTree = "<group>"; };
		B29639DC23BDC28200626E1A /* Base */ = {isa = PBXFileReference; lastKnownFileType = file.storyboard; name = Base; path = Base.lproj/LaunchScreen.storyboard; sourceTree = "<group>"; };
		B29639DE23BDC28200626E1A /* Info.plist */ = {isa = PBXFileReference; lastKnownFileType = text.plist.xml; path = Info.plist; sourceTree = "<group>"; };
		B2B889ED23D0A52C00321C3E /* Home.storyboard */ = {isa = PBXFileReference; lastKnownFileType = file.storyboard; path = Home.storyboard; sourceTree = "<group>"; };
		B2B8935023D0AD6500321C3E /* DateExtension.swift */ = {isa = PBXFileReference; fileEncoding = 4; lastKnownFileType = sourcecode.swift; path = DateExtension.swift; sourceTree = "<group>"; };
		B2B8935123D0AD6500321C3E /* String+Extension.swift */ = {isa = PBXFileReference; fileEncoding = 4; lastKnownFileType = sourcecode.swift; path = "String+Extension.swift"; sourceTree = "<group>"; };
		B2B8979523D0ADBA00321C3E /* mindLAMP.entitlements */ = {isa = PBXFileReference; lastKnownFileType = text.plist.entitlements; path = mindLAMP.entitlements; sourceTree = "<group>"; };
		B2B8979723D0ADBA00321C3E /* HealthKit.framework */ = {isa = PBXFileReference; lastKnownFileType = wrapper.framework; name = HealthKit.framework; path = System/Library/Frameworks/HealthKit.framework; sourceTree = SDKROOT; };
		B2C786AF23D6C77B006BF98A /* UserDefaults+Extension.swift */ = {isa = PBXFileReference; lastKnownFileType = sourcecode.swift; path = "UserDefaults+Extension.swift"; sourceTree = "<group>"; };
		B2C786D723D6DF28006BF98A /* NotificationExtension.swift */ = {isa = PBXFileReference; fileEncoding = 4; lastKnownFileType = sourcecode.swift; path = NotificationExtension.swift; sourceTree = "<group>"; };
/* End PBXFileReference section */

/* Begin PBXFrameworksBuildPhase section */
		B29639CA23BDC28100626E1A /* Frameworks */ = {
			isa = PBXFrameworksBuildPhase;
			buildActionMask = 2147483647;
			files = (
				B2B8979823D0ADBA00321C3E /* HealthKit.framework in Frameworks */,
			);
			runOnlyForDeploymentPostprocessing = 0;
		};
/* End PBXFrameworksBuildPhase section */

/* Begin PBXGroup section */
		5F34363124210B5E0097EC2F /* Logs */ = {
			isa = PBXGroup;
			children = (
				5F34363224210B8A0097EC2F /* LMLogsManager.swift */,
			);
			path = Logs;
			sourceTree = "<group>";
		};
		5F49C3BC241B824D00809A72 /* Lamp Sensors */ = {
			isa = PBXGroup;
			children = (
				5FB802AF241B857300340112 /* HealthKit */,
				5F49C3BD241B827500809A72 /* Bluetooth */,
			);
			path = "Lamp Sensors";
			sourceTree = "<group>";
		};
		5F49C3BD241B827500809A72 /* Bluetooth */ = {
			isa = PBXGroup;
			children = (
				5F3D223B241A0F0600899DD0 /* LMBluetoothSensor.swift */,
			);
			path = Bluetooth;
			sourceTree = "<group>";
		};
		5F82D53B24122EFD0040AA41 /* Aware Sensors */ = {
			isa = PBXGroup;
			children = (
				5F82D56B24126FDC0040AA41 /* Calls */,
				5F82D53C24122EFD0040AA41 /* Core */,
				5F82D54524122EFD0040AA41 /* Accelerometer */,
				5F82D570241271830040AA41 /* Gravity */,
				5F82D54824122EFD0040AA41 /* Gyroscope */,
				5F82D54B24122EFD0040AA41 /* Locations */,
				5F82D575241272E30040AA41 /* Magnetometer */,
				5F82D57A241274430040AA41 /* Pedometer */,
				5F82D57F2412752F0040AA41 /* Rotation */,
				5F82D5642412541C0040AA41 /* Screen */,
				5F82D584241276270040AA41 /* Wifi */,
			);
			path = "Aware Sensors";
			sourceTree = "<group>";
		};
		5F82D53C24122EFD0040AA41 /* Core */ = {
			isa = PBXGroup;
			children = (
				5F82D53D24122EFD0040AA41 /* AwareObject.swift */,
				5F82D53E24122EFD0040AA41 /* AwareNotification.swift */,
				5F82D53F24122EFD0040AA41 /* Engine.swift */,
				5F82D54024122EFD0040AA41 /* DbSyncConfig.swift */,
				5F82D54124122EFD0040AA41 /* AwareUtils.swift */,
				5F82D54224122EFD0040AA41 /* SensorManager.swift */,
				5F82D54324122EFD0040AA41 /* AwareSensor.swift */,
				5F82D54424122EFD0040AA41 /* SensorConfig.swift */,
			);
			path = Core;
			sourceTree = "<group>";
		};
		5F82D54524122EFD0040AA41 /* Accelerometer */ = {
			isa = PBXGroup;
			children = (
				5F82D54624122EFD0040AA41 /* AccelerometerData.swift */,
				5F82D54724122EFD0040AA41 /* AccelerometerSensor.swift */,
			);
			path = Accelerometer;
			sourceTree = "<group>";
		};
		5F82D54824122EFD0040AA41 /* Gyroscope */ = {
			isa = PBXGroup;
			children = (
				5F82D54924122EFD0040AA41 /* GyroscopeSensor.swift */,
				5F82D54A24122EFD0040AA41 /* GyroscopeData.swift */,
			);
			path = Gyroscope;
			sourceTree = "<group>";
		};
		5F82D54B24122EFD0040AA41 /* Locations */ = {
			isa = PBXGroup;
			children = (
				5F82D55C241230A90040AA41 /* GeofenceData.swift */,
				5F82D55D241230A90040AA41 /* HeadingData.swift */,
				5F82D55E241230A90040AA41 /* VisitData.swift */,
				5F82D54C24122EFD0040AA41 /* LocationsSensor.swift */,
				5F82D54D24122EFD0040AA41 /* LocationsData.swift */,
			);
			path = Locations;
			sourceTree = "<group>";
		};
		5F82D5642412541C0040AA41 /* Screen */ = {
			isa = PBXGroup;
			children = (
				5F82D5652412541C0040AA41 /* ScreenSensor.swift */,
				5F82D5662412541C0040AA41 /* ScreenBrightnessData.swift */,
				5F82D5672412541C0040AA41 /* ScreenData.swift */,
			);
			path = Screen;
			sourceTree = "<group>";
		};
		5F82D56B24126FDC0040AA41 /* Calls */ = {
			isa = PBXGroup;
			children = (
				5F82D56C24126FDC0040AA41 /* CallsData.swift */,
				5F82D56D24126FDC0040AA41 /* CallsSensor.swift */,
			);
			path = Calls;
			sourceTree = "<group>";
		};
		5F82D570241271830040AA41 /* Gravity */ = {
			isa = PBXGroup;
			children = (
				5F82D571241271830040AA41 /* GravityData.swift */,
				5F82D572241271830040AA41 /* GravitySensor.swift */,
			);
			path = Gravity;
			sourceTree = "<group>";
		};
		5F82D575241272E30040AA41 /* Magnetometer */ = {
			isa = PBXGroup;
			children = (
				5F82D576241272E30040AA41 /* MagnetometerData.swift */,
				5F82D577241272E30040AA41 /* MagnetometerSensor.swift */,
			);
			path = Magnetometer;
			sourceTree = "<group>";
		};
		5F82D57A241274430040AA41 /* Pedometer */ = {
			isa = PBXGroup;
			children = (
				5F82D57B241274430040AA41 /* PedometerData.swift */,
				5F82D57C241274430040AA41 /* PedometerSensor.swift */,
			);
			path = Pedometer;
			sourceTree = "<group>";
		};
		5F82D57F2412752F0040AA41 /* Rotation */ = {
			isa = PBXGroup;
			children = (
				5F82D5802412752F0040AA41 /* RotationSensor.swift */,
				5F82D5812412752F0040AA41 /* RotationData.swift */,
			);
			path = Rotation;
			sourceTree = "<group>";
		};
		5F82D584241276270040AA41 /* Wifi */ = {
			isa = PBXGroup;
			children = (
				5F82D585241276270040AA41 /* WiFiSensor.swift */,
				5F82D586241276270040AA41 /* WiFiDeviceData.swift */,
				5F82D587241276270040AA41 /* WiFiScanData.swift */,
			);
			path = Wifi;
			sourceTree = "<group>";
		};
		5F82D58B241278BA0040AA41 /* Dependencies */ = {
			isa = PBXGroup;
			children = (
				5F82D58C241278CC0040AA41 /* ReachabilitySwift */,
			);
			path = Dependencies;
			sourceTree = "<group>";
		};
		5F82D58C241278CC0040AA41 /* ReachabilitySwift */ = {
			isa = PBXGroup;
			children = (
				5F82D58D241279040040AA41 /* Reachability.swift */,
			);
			path = ReachabilitySwift;
			sourceTree = "<group>";
		};
		5FB802AF241B857300340112 /* HealthKit */ = {
			isa = PBXGroup;
			children = (
				5FB802B0241B859C00340112 /* LMHealthKitSensor.swift */,
				5FB802B2241BAFF500340112 /* LMHealthKitSensorData.swift */,
			);
			path = HealthKit;
			sourceTree = "<group>";
		};
		5FF29325242223C200D0BE09 /* Utilities */ = {
			isa = PBXGroup;
			children = (
				5FF29326242223F300D0BE09 /* FileStorage.swift */,
			);
			path = Utilities;
			sourceTree = "<group>";
		};
		5FF29328242239DA00D0BE09 /* Common */ = {
			isa = PBXGroup;
			children = (
				5FF2932924223A6300D0BE09 /* LMConstants.swift */,
			);
			path = Common;
			sourceTree = "<group>";
		};
		B240814123D8803900845AEE /* ViewController */ = {
			isa = PBXGroup;
			children = (
				B240814223D8803900845AEE /* WebViewController.swift */,
			);
			path = ViewController;
			sourceTree = "<group>";
		};
		B240814323D8803900845AEE /* AppComponents */ = {
			isa = PBXGroup;
			children = (
				B240816823D8814300845AEE /* OperationQueue */,
				B240814823D8803900845AEE /* LMSensorManager.swift */,
				5F82D56224124DA40040AA41 /* LMSensorManager+SensorObservers.swift */,
				B240814923D8803900845AEE /* NetworkConfig.swift */,
			);
			path = AppComponents;
			sourceTree = "<group>";
		};
		B240814A23D8803900845AEE /* Models */ = {
			isa = PBXGroup;
			children = (
				B240814B23D8803900845AEE /* LMCommon.swift */,
				B240814C23D8803900845AEE /* SensorModel.swift */,
				5FF29323242206F100D0BE09 /* LogsModel.swift */,
			);
			path = Models;
			sourceTree = "<group>";
		};
		B240814D23D8803900845AEE /* CoreComponents */ = {
			isa = PBXGroup;
			children = (
				B240814E23D8803900845AEE /* Result */,
				B240815023D8803900845AEE /* Network */,
				B240815423D8803900845AEE /* Common */,
				B240815623D8803900845AEE /* Error */,
			);
			path = CoreComponents;
			sourceTree = "<group>";
		};
		B240814E23D8803900845AEE /* Result */ = {
			isa = PBXGroup;
			children = (
				B240814F23D8803900845AEE /* Result.swift */,
			);
			path = Result;
			sourceTree = "<group>";
		};
		B240815023D8803900845AEE /* Network */ = {
			isa = PBXGroup;
			children = (
				B240815123D8803900845AEE /* CodableHelpers.swift */,
				B240815223D8803900845AEE /* Networking.swift */,
				B240815323D8803900845AEE /* NetworkingAPI.swift */,
			);
			path = Network;
			sourceTree = "<group>";
		};
		B240815423D8803900845AEE /* Common */ = {
			isa = PBXGroup;
			children = (
				B240815523D8803900845AEE /* Logging.swift */,
			);
			path = Common;
			sourceTree = "<group>";
		};
		B240815623D8803900845AEE /* Error */ = {
			isa = PBXGroup;
			children = (
				B240815723D8803900845AEE /* LMError.swift */,
			);
			path = Error;
			sourceTree = "<group>";
		};
		B240816823D8814300845AEE /* OperationQueue */ = {
			isa = PBXGroup;
			children = (
				B240816923D8814300845AEE /* BackgroundOperation.swift */,
				B240816A23D8814300845AEE /* BackgroundServices.swift */,
				B240816B23D8814300845AEE /* AsynchronousOperation.swift */,
			);
			path = OperationQueue;
			sourceTree = "<group>";
		};
		B244A1C023BF4A77007FBDB8 /* Extensions */ = {
			isa = PBXGroup;
			children = (
				B2C786D723D6DF28006BF98A /* NotificationExtension.swift */,
				B2B8935023D0AD6500321C3E /* DateExtension.swift */,
				B2B8935123D0AD6500321C3E /* String+Extension.swift */,
				B244A1C123BF4A91007FBDB8 /* FileManager+Extension.swift */,
				B2C786AF23D6C77B006BF98A /* UserDefaults+Extension.swift */,
				5FFF157024209F9100C8A26E /* HKDevice+Extension.swift */,
				5FFF15722420A1B500C8A26E /* HKWorkoutActivityType+Extension.swift */,
			);
			path = Extensions;
			sourceTree = "<group>";
		};
		B29639C423BDC28100626E1A = {
			isa = PBXGroup;
			children = (
				B29639CF23BDC28100626E1A /* mindLAMP */,
				B29639CE23BDC28100626E1A /* Products */,
				B2B8979623D0ADBA00321C3E /* Frameworks */,
			);
			sourceTree = "<group>";
		};
		B29639CE23BDC28100626E1A /* Products */ = {
			isa = PBXGroup;
			children = (
				B29639CD23BDC28100626E1A /* mindLAMP 2.app */,
			);
			name = Products;
			sourceTree = "<group>";
		};
		B29639CF23BDC28100626E1A /* mindLAMP */ = {
			isa = PBXGroup;
			children = (
				B23993B92440696800E31B06 /* exportOptions.plist */,
				B240814123D8803900845AEE /* ViewController */,
				B240814A23D8803900845AEE /* Models */,
				B240814323D8803900845AEE /* AppComponents */,
				B240814D23D8803900845AEE /* CoreComponents */,
				5F82D53B24122EFD0040AA41 /* Aware Sensors */,
				5F49C3BC241B824D00809A72 /* Lamp Sensors */,
				5F34363124210B5E0097EC2F /* Logs */,
				5F82D58B241278BA0040AA41 /* Dependencies */,
				B244A1C023BF4A77007FBDB8 /* Extensions */,
				5FF29325242223C200D0BE09 /* Utilities */,
				5FF29328242239DA00D0BE09 /* Common */,
				B29639D023BDC28100626E1A /* AppDelegate.swift */,
				B29639D623BDC28200626E1A /* Assets.xcassets */,
				B2B8979523D0ADBA00321C3E /* mindLAMP.entitlements */,
				B29639DB23BDC28200626E1A /* LaunchScreen.storyboard */,
				B2B889ED23D0A52C00321C3E /* Home.storyboard */,
				B29639DE23BDC28200626E1A /* Info.plist */,
				B29639D823BDC28200626E1A /* Preview Content */,
				5FC0151223C5A85300990506 /* mindLAMP-Bridging-Header.h */,
				5F763010242386AA00B2DD03 /* Localizable.strings */,
			);
			path = mindLAMP;
			sourceTree = "<group>";
		};
		B29639D823BDC28200626E1A /* Preview Content */ = {
			isa = PBXGroup;
			children = (
				B29639D923BDC28200626E1A /* Preview Assets.xcassets */,
			);
			path = "Preview Content";
			sourceTree = "<group>";
		};
		B2B8979623D0ADBA00321C3E /* Frameworks */ = {
			isa = PBXGroup;
			children = (
				B2B8979723D0ADBA00321C3E /* HealthKit.framework */,
			);
			name = Frameworks;
			sourceTree = "<group>";
		};
/* End PBXGroup section */

/* Begin PBXNativeTarget section */
		B29639CC23BDC28100626E1A /* mindLAMP */ = {
			isa = PBXNativeTarget;
			buildConfigurationList = B29639E123BDC28200626E1A /* Build configuration list for PBXNativeTarget "mindLAMP" */;
			buildPhases = (
				B29639C923BDC28100626E1A /* Sources */,
				B29639CA23BDC28100626E1A /* Frameworks */,
				B29639CB23BDC28100626E1A /* Resources */,
				5F7D0ADD23D8478B00BA0B4F /* Embed Frameworks */,
			);
			buildRules = (
			);
			dependencies = (
			);
			name = mindLAMP;
			productName = lampv2;
			productReference = B29639CD23BDC28100626E1A /* mindLAMP 2.app */;
			productType = "com.apple.product-type.application";
		};
/* End PBXNativeTarget section */

/* Begin PBXProject section */
		B29639C523BDC28100626E1A /* Project object */ = {
			isa = PBXProject;
			attributes = {
				LastSwiftUpdateCheck = 1120;
				LastUpgradeCheck = 1120;
				ORGANIZATIONNAME = lamp;
				TargetAttributes = {
					B29639CC23BDC28100626E1A = {
						CreatedOnToolsVersion = 11.2.1;
						LastSwiftMigration = 1130;
					};
				};
			};
			buildConfigurationList = B29639C823BDC28100626E1A /* Build configuration list for PBXProject "mindLAMP" */;
			compatibilityVersion = "Xcode 9.3";
			developmentRegion = en;
			hasScannedForEncodings = 0;
			knownRegions = (
				en,
				Base,
			);
			mainGroup = B29639C423BDC28100626E1A;
			productRefGroup = B29639CE23BDC28100626E1A /* Products */;
			projectDirPath = "";
			projectRoot = "";
			targets = (
				B29639CC23BDC28100626E1A /* mindLAMP */,
			);
		};
/* End PBXProject section */

/* Begin PBXResourcesBuildPhase section */
		B29639CB23BDC28100626E1A /* Resources */ = {
			isa = PBXResourcesBuildPhase;
			buildActionMask = 2147483647;
			files = (
				5F763011242386AA00B2DD03 /* Localizable.strings in Resources */,
				B23993BA2440696800E31B06 /* exportOptions.plist in Resources */,
				B29639DD23BDC28200626E1A /* LaunchScreen.storyboard in Resources */,
				B2B889EE23D0A52C00321C3E /* Home.storyboard in Resources */,
				B29639DA23BDC28200626E1A /* Preview Assets.xcassets in Resources */,
				B29639D723BDC28200626E1A /* Assets.xcassets in Resources */,
			);
			runOnlyForDeploymentPostprocessing = 0;
		};
/* End PBXResourcesBuildPhase section */

/* Begin PBXSourcesBuildPhase section */
		B29639C923BDC28100626E1A /* Sources */ = {
			isa = PBXSourcesBuildPhase;
			buildActionMask = 2147483647;
			files = (
				B240816C23D8814300845AEE /* BackgroundOperation.swift in Sources */,
				5F82D55324122EFD0040AA41 /* SensorManager.swift in Sources */,
				5FF2932A24223A6300D0BE09 /* LMConstants.swift in Sources */,
				B240816423D8803900845AEE /* Networking.swift in Sources */,
				5F82D55A24122EFD0040AA41 /* LocationsSensor.swift in Sources */,
				B240816E23D8814300845AEE /* AsynchronousOperation.swift in Sources */,
				B2B8935223D0AD6500321C3E /* DateExtension.swift in Sources */,
				B240816323D8803900845AEE /* CodableHelpers.swift in Sources */,
				B240816723D8803900845AEE /* LMError.swift in Sources */,
				5F82D579241272E30040AA41 /* MagnetometerSensor.swift in Sources */,
				5FFF15732420A1B500C8A26E /* HKWorkoutActivityType+Extension.swift in Sources */,
				5F82D55724122EFD0040AA41 /* AccelerometerSensor.swift in Sources */,
				5F82D5682412541C0040AA41 /* ScreenSensor.swift in Sources */,
				5F82D55024122EFD0040AA41 /* Engine.swift in Sources */,
				B240816523D8803900845AEE /* NetworkingAPI.swift in Sources */,
				B244A1C223BF4A91007FBDB8 /* FileManager+Extension.swift in Sources */,
				5F82D55124122EFD0040AA41 /* DbSyncConfig.swift in Sources */,
				B240816D23D8814300845AEE /* BackgroundServices.swift in Sources */,
				5F82D55524122EFD0040AA41 /* SensorConfig.swift in Sources */,
				5F82D55924122EFD0040AA41 /* GyroscopeData.swift in Sources */,
				5F82D58E241279040040AA41 /* Reachability.swift in Sources */,
				B240816123D8803900845AEE /* SensorModel.swift in Sources */,
				5F82D55824122EFD0040AA41 /* GyroscopeSensor.swift in Sources */,
				B29639D123BDC28100626E1A /* AppDelegate.swift in Sources */,
				5F82D55424122EFD0040AA41 /* AwareSensor.swift in Sources */,
				5FF29327242223F300D0BE09 /* FileStorage.swift in Sources */,
				5FB802B1241B859C00340112 /* LMHealthKitSensor.swift in Sources */,
				5F82D578241272E30040AA41 /* MagnetometerData.swift in Sources */,
				5F82D55624122EFD0040AA41 /* AccelerometerData.swift in Sources */,
				5F82D588241276270040AA41 /* WiFiSensor.swift in Sources */,
				5F82D55F241230A90040AA41 /* GeofenceData.swift in Sources */,
				5F82D56F24126FDD0040AA41 /* CallsSensor.swift in Sources */,
				B2B8935323D0AD6500321C3E /* String+Extension.swift in Sources */,
				5F82D55224122EFD0040AA41 /* AwareUtils.swift in Sources */,
				5F82D560241230A90040AA41 /* HeadingData.swift in Sources */,
				B240816623D8803900845AEE /* Logging.swift in Sources */,
				5F3D223C241A0F0600899DD0 /* LMBluetoothSensor.swift in Sources */,
				B240816023D8803900845AEE /* LMCommon.swift in Sources */,
				5F82D57E241274430040AA41 /* PedometerSensor.swift in Sources */,
				B240815F23D8803900845AEE /* NetworkConfig.swift in Sources */,
				5F82D54E24122EFD0040AA41 /* AwareObject.swift in Sources */,
				5F82D58A241276270040AA41 /* WiFiScanData.swift in Sources */,
				5F82D56A2412541D0040AA41 /* ScreenData.swift in Sources */,
				5F34363324210B8A0097EC2F /* LMLogsManager.swift in Sources */,
				5F82D574241271830040AA41 /* GravitySensor.swift in Sources */,
				5FB802B3241BAFF500340112 /* LMHealthKitSensorData.swift in Sources */,
				5F82D55B24122EFD0040AA41 /* LocationsData.swift in Sources */,
				B240816223D8803900845AEE /* Result.swift in Sources */,
				5F82D5692412541C0040AA41 /* ScreenBrightnessData.swift in Sources */,
				5F82D589241276270040AA41 /* WiFiDeviceData.swift in Sources */,
				B2C786B023D6C77B006BF98A /* UserDefaults+Extension.swift in Sources */,
				5F82D5832412752F0040AA41 /* RotationData.swift in Sources */,
				5F82D573241271830040AA41 /* GravityData.swift in Sources */,
				5F82D56324124DA40040AA41 /* LMSensorManager+SensorObservers.swift in Sources */,
				5FF29324242206F100D0BE09 /* LogsModel.swift in Sources */,
				5F82D54F24122EFD0040AA41 /* AwareNotification.swift in Sources */,
				B240815E23D8803900845AEE /* LMSensorManager.swift in Sources */,
				5F82D561241230A90040AA41 /* VisitData.swift in Sources */,
				5F82D56E24126FDD0040AA41 /* CallsData.swift in Sources */,
				5F82D57D241274430040AA41 /* PedometerData.swift in Sources */,
				B240815A23D8803900845AEE /* WebViewController.swift in Sources */,
				B2C786D823D6DF28006BF98A /* NotificationExtension.swift in Sources */,
				5FFF157124209F9100C8A26E /* HKDevice+Extension.swift in Sources */,
				5F82D5822412752F0040AA41 /* RotationSensor.swift in Sources */,
			);
			runOnlyForDeploymentPostprocessing = 0;
		};
/* End PBXSourcesBuildPhase section */

/* Begin PBXVariantGroup section */
		B29639DB23BDC28200626E1A /* LaunchScreen.storyboard */ = {
			isa = PBXVariantGroup;
			children = (
				B29639DC23BDC28200626E1A /* Base */,
			);
			name = LaunchScreen.storyboard;
			sourceTree = "<group>";
		};
/* End PBXVariantGroup section */

/* Begin XCBuildConfiguration section */
		B29639DF23BDC28200626E1A /* Debug */ = {
			isa = XCBuildConfiguration;
			buildSettings = {
				ALWAYS_SEARCH_USER_PATHS = NO;
				CLANG_ANALYZER_NONNULL = YES;
				CLANG_ANALYZER_NUMBER_OBJECT_CONVERSION = YES_AGGRESSIVE;
				CLANG_CXX_LANGUAGE_STANDARD = "gnu++14";
				CLANG_CXX_LIBRARY = "libc++";
				CLANG_ENABLE_MODULES = YES;
				CLANG_ENABLE_OBJC_ARC = YES;
				CLANG_ENABLE_OBJC_WEAK = YES;
				CLANG_WARN_BLOCK_CAPTURE_AUTORELEASING = YES;
				CLANG_WARN_BOOL_CONVERSION = YES;
				CLANG_WARN_COMMA = YES;
				CLANG_WARN_CONSTANT_CONVERSION = YES;
				CLANG_WARN_DEPRECATED_OBJC_IMPLEMENTATIONS = YES;
				CLANG_WARN_DIRECT_OBJC_ISA_USAGE = YES_ERROR;
				CLANG_WARN_DOCUMENTATION_COMMENTS = YES;
				CLANG_WARN_EMPTY_BODY = YES;
				CLANG_WARN_ENUM_CONVERSION = YES;
				CLANG_WARN_INFINITE_RECURSION = YES;
				CLANG_WARN_INT_CONVERSION = YES;
				CLANG_WARN_NON_LITERAL_NULL_CONVERSION = YES;
				CLANG_WARN_OBJC_IMPLICIT_RETAIN_SELF = YES;
				CLANG_WARN_OBJC_LITERAL_CONVERSION = YES;
				CLANG_WARN_OBJC_ROOT_CLASS = YES_ERROR;
				CLANG_WARN_RANGE_LOOP_ANALYSIS = YES;
				CLANG_WARN_STRICT_PROTOTYPES = YES;
				CLANG_WARN_SUSPICIOUS_MOVE = YES;
				CLANG_WARN_UNGUARDED_AVAILABILITY = YES_AGGRESSIVE;
				CLANG_WARN_UNREACHABLE_CODE = YES;
				CLANG_WARN__DUPLICATE_METHOD_MATCH = YES;
				COPY_PHASE_STRIP = NO;
				DEBUG_INFORMATION_FORMAT = dwarf;
				ENABLE_STRICT_OBJC_MSGSEND = YES;
				ENABLE_TESTABILITY = YES;
				GCC_C_LANGUAGE_STANDARD = gnu11;
				GCC_DYNAMIC_NO_PIC = NO;
				GCC_NO_COMMON_BLOCKS = YES;
				GCC_OPTIMIZATION_LEVEL = 0;
				GCC_PREPROCESSOR_DEFINITIONS = (
					"DEBUG=1",
					"$(inherited)",
				);
				GCC_WARN_64_TO_32_BIT_CONVERSION = YES;
				GCC_WARN_ABOUT_RETURN_TYPE = YES_ERROR;
				GCC_WARN_UNDECLARED_SELECTOR = YES;
				GCC_WARN_UNINITIALIZED_AUTOS = YES_AGGRESSIVE;
				GCC_WARN_UNUSED_FUNCTION = YES;
				GCC_WARN_UNUSED_VARIABLE = YES;
				IPHONEOS_DEPLOYMENT_TARGET = 12.0;
				MTL_ENABLE_DEBUG_INFO = INCLUDE_SOURCE;
				MTL_FAST_MATH = YES;
				ONLY_ACTIVE_ARCH = YES;
				SDKROOT = iphoneos;
				SWIFT_ACTIVE_COMPILATION_CONDITIONS = DEBUG;
				SWIFT_OPTIMIZATION_LEVEL = "-Onone";
			};
			name = Debug;
		};
		B29639E023BDC28200626E1A /* Release */ = {
			isa = XCBuildConfiguration;
			buildSettings = {
				ALWAYS_SEARCH_USER_PATHS = NO;
				CLANG_ANALYZER_NONNULL = YES;
				CLANG_ANALYZER_NUMBER_OBJECT_CONVERSION = YES_AGGRESSIVE;
				CLANG_CXX_LANGUAGE_STANDARD = "gnu++14";
				CLANG_CXX_LIBRARY = "libc++";
				CLANG_ENABLE_MODULES = YES;
				CLANG_ENABLE_OBJC_ARC = YES;
				CLANG_ENABLE_OBJC_WEAK = YES;
				CLANG_WARN_BLOCK_CAPTURE_AUTORELEASING = YES;
				CLANG_WARN_BOOL_CONVERSION = YES;
				CLANG_WARN_COMMA = YES;
				CLANG_WARN_CONSTANT_CONVERSION = YES;
				CLANG_WARN_DEPRECATED_OBJC_IMPLEMENTATIONS = YES;
				CLANG_WARN_DIRECT_OBJC_ISA_USAGE = YES_ERROR;
				CLANG_WARN_DOCUMENTATION_COMMENTS = YES;
				CLANG_WARN_EMPTY_BODY = YES;
				CLANG_WARN_ENUM_CONVERSION = YES;
				CLANG_WARN_INFINITE_RECURSION = YES;
				CLANG_WARN_INT_CONVERSION = YES;
				CLANG_WARN_NON_LITERAL_NULL_CONVERSION = YES;
				CLANG_WARN_OBJC_IMPLICIT_RETAIN_SELF = YES;
				CLANG_WARN_OBJC_LITERAL_CONVERSION = YES;
				CLANG_WARN_OBJC_ROOT_CLASS = YES_ERROR;
				CLANG_WARN_RANGE_LOOP_ANALYSIS = YES;
				CLANG_WARN_STRICT_PROTOTYPES = YES;
				CLANG_WARN_SUSPICIOUS_MOVE = YES;
				CLANG_WARN_UNGUARDED_AVAILABILITY = YES_AGGRESSIVE;
				CLANG_WARN_UNREACHABLE_CODE = YES;
				CLANG_WARN__DUPLICATE_METHOD_MATCH = YES;
				COPY_PHASE_STRIP = NO;
				DEBUG_INFORMATION_FORMAT = "dwarf-with-dsym";
				ENABLE_NS_ASSERTIONS = NO;
				ENABLE_STRICT_OBJC_MSGSEND = YES;
				GCC_C_LANGUAGE_STANDARD = gnu11;
				GCC_NO_COMMON_BLOCKS = YES;
				GCC_WARN_64_TO_32_BIT_CONVERSION = YES;
				GCC_WARN_ABOUT_RETURN_TYPE = YES_ERROR;
				GCC_WARN_UNDECLARED_SELECTOR = YES;
				GCC_WARN_UNINITIALIZED_AUTOS = YES_AGGRESSIVE;
				GCC_WARN_UNUSED_FUNCTION = YES;
				GCC_WARN_UNUSED_VARIABLE = YES;
				IPHONEOS_DEPLOYMENT_TARGET = 12.0;
				MTL_ENABLE_DEBUG_INFO = NO;
				MTL_FAST_MATH = YES;
				SDKROOT = iphoneos;
				SWIFT_COMPILATION_MODE = wholemodule;
				SWIFT_OPTIMIZATION_LEVEL = "-O";
				VALIDATE_PRODUCT = YES;
			};
			name = Release;
		};
		B29639E223BDC28200626E1A /* Debug */ = {
			isa = XCBuildConfiguration;
			buildSettings = {
				ASSETCATALOG_COMPILER_APPICON_NAME = AppIcon;
				CLANG_ENABLE_MODULES = YES;
				CODE_SIGN_ENTITLEMENTS = mindLAMP/mindLAMP.entitlements;
				CODE_SIGN_IDENTITY = "iPhone Distribution";
				CODE_SIGN_STYLE = Manual;
				CURRENT_PROJECT_VERSION = 9;
				DEVELOPMENT_ASSET_PATHS = "\"mindLAMP/Preview Content\"";
				DEVELOPMENT_TEAM = S2Y2D4239K;
				ENABLE_BITCODE = NO;
				ENABLE_PREVIEWS = YES;
				FRAMEWORK_SEARCH_PATHS = (
					"$(inherited)",
					"$(PROJECT_DIR)/mindLAMP/Aware/GoogleSignIn/Frameworks",
					"$(PROJECT_DIR)/mindLAMP/NodeComponents",
					"$(PROJECT_DIR)/libnode",
				);
				INFOPLIST_FILE = mindLAMP/Info.plist;
				IPHONEOS_DEPLOYMENT_TARGET = 12.0;
				LD_RUNPATH_SEARCH_PATHS = (
					"$(inherited)",
					"@executable_path/Frameworks",
				);
				OTHER_LDFLAGS = "-ObjC";
				PRODUCT_BUNDLE_IDENTIFIER = digital.lamp.mindlamp;
				PRODUCT_NAME = "mindLAMP 2";
				PROVISIONING_PROFILE_SPECIFIER = "mindlamp2 AppStore Profile";
				SWIFT_OBJC_BRIDGING_HEADER = "mindLAMP/mindLAMP-Bridging-Header.h";
				SWIFT_OPTIMIZATION_LEVEL = "-Onone";
				SWIFT_VERSION = 5.0;
				TARGETED_DEVICE_FAMILY = "1,2";
			};
			name = Debug;
		};
		B29639E323BDC28200626E1A /* Release */ = {
			isa = XCBuildConfiguration;
			buildSettings = {
				ASSETCATALOG_COMPILER_APPICON_NAME = AppIcon;
				CLANG_ENABLE_MODULES = YES;
				CODE_SIGN_ENTITLEMENTS = mindLAMP/mindLAMP.entitlements;
				CODE_SIGN_IDENTITY = "iPhone Distribution";
				CODE_SIGN_STYLE = Manual;
				CURRENT_PROJECT_VERSION = 9;
				DEVELOPMENT_ASSET_PATHS = "\"mindLAMP/Preview Content\"";
				DEVELOPMENT_TEAM = S2Y2D4239K;
				ENABLE_BITCODE = NO;
				ENABLE_PREVIEWS = YES;
				FRAMEWORK_SEARCH_PATHS = (
					"$(inherited)",
					"$(PROJECT_DIR)/mindLAMP/Aware/GoogleSignIn/Frameworks",
					"$(PROJECT_DIR)/mindLAMP/NodeComponents",
					"$(PROJECT_DIR)/libnode",
				);
				INFOPLIST_FILE = mindLAMP/Info.plist;
				IPHONEOS_DEPLOYMENT_TARGET = 12.0;
				LD_RUNPATH_SEARCH_PATHS = (
					"$(inherited)",
					"@executable_path/Frameworks",
				);
				OTHER_LDFLAGS = "-ObjC";
				PRODUCT_BUNDLE_IDENTIFIER = digital.lamp.mindlamp;
				PRODUCT_NAME = "mindLAMP 2";
				PROVISIONING_PROFILE_SPECIFIER = "mindlamp2 AppStore Profile";
				SWIFT_OBJC_BRIDGING_HEADER = "mindLAMP/mindLAMP-Bridging-Header.h";
				SWIFT_VERSION = 5.0;
				TARGETED_DEVICE_FAMILY = "1,2";
			};
			name = Release;
		};
/* End XCBuildConfiguration section */

/* Begin XCConfigurationList section */
		B29639C823BDC28100626E1A /* Build configuration list for PBXProject "mindLAMP" */ = {
			isa = XCConfigurationList;
			buildConfigurations = (
				B29639DF23BDC28200626E1A /* Debug */,
				B29639E023BDC28200626E1A /* Release */,
			);
			defaultConfigurationIsVisible = 0;
			defaultConfigurationName = Release;
		};
		B29639E123BDC28200626E1A /* Build configuration list for PBXNativeTarget "mindLAMP" */ = {
			isa = XCConfigurationList;
			buildConfigurations = (
				B29639E223BDC28200626E1A /* Debug */,
				B29639E323BDC28200626E1A /* Release */,
			);
			defaultConfigurationIsVisible = 0;
			defaultConfigurationName = Release;
		};
/* End XCConfigurationList section */
	};
	rootObject = B29639C523BDC28100626E1A /* Project object */;
}
